// !$*UTF8*$!
{
	archiveVersion = 1;
	classes = {
	};
	objectVersion = 55;
	objects = {

/* Begin PBXBuildFile section */
		027DDA1F2A0E6A660052818C /* AppDelegate.swift in Sources */ = {isa = PBXBuildFile; fileRef = 027DDA1E2A0E6A660052818C /* AppDelegate.swift */; };
		027DDA212A0E6A660052818C /* SceneDelegate.swift in Sources */ = {isa = PBXBuildFile; fileRef = 027DDA202A0E6A660052818C /* SceneDelegate.swift */; };
		027DDA282A0E6A680052818C /* Assets.xcassets in Resources */ = {isa = PBXBuildFile; fileRef = 027DDA272A0E6A680052818C /* Assets.xcassets */; };
		027DDA2B2A0E6A680052818C /* LaunchScreen.storyboard in Resources */ = {isa = PBXBuildFile; fileRef = 027DDA292A0E6A680052818C /* LaunchScreen.storyboard */; };
		027DDA362A0E6A680052818C /* HealthyTests.swift in Sources */ = {isa = PBXBuildFile; fileRef = 027DDA352A0E6A680052818C /* HealthyTests.swift */; };
		027DDA402A0E6A680052818C /* HealthyUITests.swift in Sources */ = {isa = PBXBuildFile; fileRef = 027DDA3F2A0E6A680052818C /* HealthyUITests.swift */; };
		027DDA422A0E6A680052818C /* HealthyUITestsLaunchTests.swift in Sources */ = {isa = PBXBuildFile; fileRef = 027DDA412A0E6A680052818C /* HealthyUITestsLaunchTests.swift */; };
		02BBEE3A2A17BA20008E1BC0 /* Strings+Generated.swift in Sources */ = {isa = PBXBuildFile; fileRef = 02BBEE392A17BA20008E1BC0 /* Strings+Generated.swift */; };
		207FF9002A167F9100E4BC76 /* Localizable.strings in Resources */ = {isa = PBXBuildFile; fileRef = 207FF8FF2A167F9100E4BC76 /* Localizable.strings */; };
		6DDA138D2A1109E8004390D4 /* Factory in Frameworks */ = {isa = PBXBuildFile; productRef = 6DDA138C2A1109E8004390D4 /* Factory */; };
		79311FCE2A191D2D00764707 /* FormTextField.xib in Resources */ = {isa = PBXBuildFile; fileRef = 79311FCD2A191D2D00764707 /* FormTextField.xib */; };
		79311FD02A191D3700764707 /* FormTextField.swift in Sources */ = {isa = PBXBuildFile; fileRef = 79311FCF2A191D3700764707 /* FormTextField.swift */; };
		79311FD22A191F8300764707 /* FormTextFieldResources.swift in Sources */ = {isa = PBXBuildFile; fileRef = 79311FD12A191F8200764707 /* FormTextFieldResources.swift */; };
		79311FD52A19203E00764707 /* SplashViewController.swift in Sources */ = {isa = PBXBuildFile; fileRef = 79311FD32A19203E00764707 /* SplashViewController.swift */; };
		79311FD62A19203E00764707 /* SplashViewController.xib in Resources */ = {isa = PBXBuildFile; fileRef = 79311FD42A19203E00764707 /* SplashViewController.xib */; };
		79311FD82A19214700764707 /* UITextField+Style.swift in Sources */ = {isa = PBXBuildFile; fileRef = 79311FD72A19214700764707 /* UITextField+Style.swift */; };
		79B65D282A0FB4310042CC46 /* UIButton+Style.swift in Sources */ = {isa = PBXBuildFile; fileRef = 79B65D272A0FB4310042CC46 /* UIButton+Style.swift */; };
		B22218482A10C08D0036B9A8 /* UILabel+Style.swift in Sources */ = {isa = PBXBuildFile; fileRef = B22218472A10C08D0036B9A8 /* UILabel+Style.swift */; };
/* End PBXBuildFile section */

/* Begin PBXContainerItemProxy section */
		027DDA322A0E6A680052818C /* PBXContainerItemProxy */ = {
			isa = PBXContainerItemProxy;
			containerPortal = 027DDA132A0E6A660052818C /* Project object */;
			proxyType = 1;
			remoteGlobalIDString = 027DDA1A2A0E6A660052818C;
			remoteInfo = Healthy;
		};
		027DDA3C2A0E6A680052818C /* PBXContainerItemProxy */ = {
			isa = PBXContainerItemProxy;
			containerPortal = 027DDA132A0E6A660052818C /* Project object */;
			proxyType = 1;
			remoteGlobalIDString = 027DDA1A2A0E6A660052818C;
			remoteInfo = Healthy;
		};
/* End PBXContainerItemProxy section */

/* Begin PBXFileReference section */
		027DDA1B2A0E6A660052818C /* Healthy.app */ = {isa = PBXFileReference; explicitFileType = wrapper.application; includeInIndex = 0; path = Healthy.app; sourceTree = BUILT_PRODUCTS_DIR; };
		027DDA1E2A0E6A660052818C /* AppDelegate.swift */ = {isa = PBXFileReference; lastKnownFileType = sourcecode.swift; path = AppDelegate.swift; sourceTree = "<group>"; };
		027DDA202A0E6A660052818C /* SceneDelegate.swift */ = {isa = PBXFileReference; lastKnownFileType = sourcecode.swift; path = SceneDelegate.swift; sourceTree = "<group>"; };
		027DDA272A0E6A680052818C /* Assets.xcassets */ = {isa = PBXFileReference; lastKnownFileType = folder.assetcatalog; path = Assets.xcassets; sourceTree = "<group>"; };
		027DDA2A2A0E6A680052818C /* Base */ = {isa = PBXFileReference; lastKnownFileType = file.storyboard; name = Base; path = Base.lproj/LaunchScreen.storyboard; sourceTree = "<group>"; };
		027DDA2C2A0E6A680052818C /* Info.plist */ = {isa = PBXFileReference; lastKnownFileType = text.plist.xml; path = Info.plist; sourceTree = "<group>"; };
		027DDA312A0E6A680052818C /* HealthyTests.xctest */ = {isa = PBXFileReference; explicitFileType = wrapper.cfbundle; includeInIndex = 0; path = HealthyTests.xctest; sourceTree = BUILT_PRODUCTS_DIR; };
		027DDA352A0E6A680052818C /* HealthyTests.swift */ = {isa = PBXFileReference; lastKnownFileType = sourcecode.swift; path = HealthyTests.swift; sourceTree = "<group>"; };
		027DDA3B2A0E6A680052818C /* HealthyUITests.xctest */ = {isa = PBXFileReference; explicitFileType = wrapper.cfbundle; includeInIndex = 0; path = HealthyUITests.xctest; sourceTree = BUILT_PRODUCTS_DIR; };
		027DDA3F2A0E6A680052818C /* HealthyUITests.swift */ = {isa = PBXFileReference; lastKnownFileType = sourcecode.swift; path = HealthyUITests.swift; sourceTree = "<group>"; };
		027DDA412A0E6A680052818C /* HealthyUITestsLaunchTests.swift */ = {isa = PBXFileReference; lastKnownFileType = sourcecode.swift; path = HealthyUITestsLaunchTests.swift; sourceTree = "<group>"; };
		02BBEE392A17BA20008E1BC0 /* Strings+Generated.swift */ = {isa = PBXFileReference; fileEncoding = 4; lastKnownFileType = sourcecode.swift; path = "Strings+Generated.swift"; sourceTree = "<group>"; };
		207FF8FF2A167F9100E4BC76 /* Localizable.strings */ = {isa = PBXFileReference; lastKnownFileType = text.plist.strings; path = Localizable.strings; sourceTree = "<group>"; };
		79311FCD2A191D2D00764707 /* FormTextField.xib */ = {isa = PBXFileReference; lastKnownFileType = file.xib; path = FormTextField.xib; sourceTree = "<group>"; };
		79311FCF2A191D3700764707 /* FormTextField.swift */ = {isa = PBXFileReference; lastKnownFileType = sourcecode.swift; path = FormTextField.swift; sourceTree = "<group>"; };
		79311FD12A191F8200764707 /* FormTextFieldResources.swift */ = {isa = PBXFileReference; lastKnownFileType = sourcecode.swift; path = FormTextFieldResources.swift; sourceTree = "<group>"; };
		79311FD32A19203E00764707 /* SplashViewController.swift */ = {isa = PBXFileReference; lastKnownFileType = sourcecode.swift; path = SplashViewController.swift; sourceTree = "<group>"; };
		79311FD42A19203E00764707 /* SplashViewController.xib */ = {isa = PBXFileReference; lastKnownFileType = file.xib; path = SplashViewController.xib; sourceTree = "<group>"; };
		79311FD72A19214700764707 /* UITextField+Style.swift */ = {isa = PBXFileReference; lastKnownFileType = sourcecode.swift; path = "UITextField+Style.swift"; sourceTree = "<group>"; };
		79B65D272A0FB4310042CC46 /* UIButton+Style.swift */ = {isa = PBXFileReference; lastKnownFileType = sourcecode.swift; path = "UIButton+Style.swift"; sourceTree = "<group>"; };
		B22218472A10C08D0036B9A8 /* UILabel+Style.swift */ = {isa = PBXFileReference; lastKnownFileType = sourcecode.swift; path = "UILabel+Style.swift"; sourceTree = "<group>"; };
		F39D440C2A14AD810039AEF8 /* UIImage.Generated.swift */ = {isa = PBXFileReference; fileEncoding = 4; lastKnownFileType = sourcecode.swift; path = UIImage.Generated.swift; sourceTree = "<group>"; };
/* End PBXFileReference section */

/* Begin PBXFrameworksBuildPhase section */
		027DDA182A0E6A660052818C /* Frameworks */ = {
			isa = PBXFrameworksBuildPhase;
			buildActionMask = 2147483647;
			files = (
				6DDA138D2A1109E8004390D4 /* Factory in Frameworks */,
			);
			runOnlyForDeploymentPostprocessing = 0;
		};
		027DDA2E2A0E6A680052818C /* Frameworks */ = {
			isa = PBXFrameworksBuildPhase;
			buildActionMask = 2147483647;
			files = (
			);
			runOnlyForDeploymentPostprocessing = 0;
		};
		027DDA382A0E6A680052818C /* Frameworks */ = {
			isa = PBXFrameworksBuildPhase;
			buildActionMask = 2147483647;
			files = (
			);
			runOnlyForDeploymentPostprocessing = 0;
		};
/* End PBXFrameworksBuildPhase section */

/* Begin PBXGroup section */
		027DDA122A0E6A660052818C = {
			isa = PBXGroup;
			children = (
				027DDA1D2A0E6A660052818C /* Healthy */,
				027DDA342A0E6A680052818C /* HealthyTests */,
				027DDA3E2A0E6A680052818C /* HealthyUITests */,
				027DDA1C2A0E6A660052818C /* Products */,
			);
			sourceTree = "<group>";
		};
		027DDA1C2A0E6A660052818C /* Products */ = {
			isa = PBXGroup;
			children = (
				027DDA1B2A0E6A660052818C /* Healthy.app */,
				027DDA312A0E6A680052818C /* HealthyTests.xctest */,
				027DDA3B2A0E6A680052818C /* HealthyUITests.xctest */,
			);
			name = Products;
			sourceTree = "<group>";
		};
		027DDA1D2A0E6A660052818C /* Healthy */ = {
			isa = PBXGroup;
			children = (
				027DDA4F2A0E745F0052818C /* Classes */,
				027DDA4E2A0E74490052818C /* Resources */,
			);
			path = Healthy;
			sourceTree = "<group>";
		};
		027DDA342A0E6A680052818C /* HealthyTests */ = {
			isa = PBXGroup;
			children = (
				027DDA352A0E6A680052818C /* HealthyTests.swift */,
			);
			path = HealthyTests;
			sourceTree = "<group>";
		};
		027DDA3E2A0E6A680052818C /* HealthyUITests */ = {
			isa = PBXGroup;
			children = (
				027DDA3F2A0E6A680052818C /* HealthyUITests.swift */,
				027DDA412A0E6A680052818C /* HealthyUITestsLaunchTests.swift */,
			);
			path = HealthyUITests;
			sourceTree = "<group>";
		};
		027DDA4E2A0E74490052818C /* Resources */ = {
			isa = PBXGroup;
			children = (
				207FF8FE2A167E7C00E4BC76 /* Localization */,
				027DDA272A0E6A680052818C /* Assets.xcassets */,
				027DDA2C2A0E6A680052818C /* Info.plist */,
				027DDA292A0E6A680052818C /* LaunchScreen.storyboard */,
			);
			path = Resources;
			sourceTree = "<group>";
		};
		027DDA4F2A0E745F0052818C /* Classes */ = {
			isa = PBXGroup;
			children = (
				F39D440B2A14ACE30039AEF8 /* Generated */,
				027DDA552A0E76DC0052818C /* Services */,
				027DDA542A0E76C50052818C /* ReusableViews */,
				027DDA532A0E76A00052818C /* Utilities */,
				027DDA512A0E761B0052818C /* Modules */,
				027DDA502A0E75E60052818C /* Extensions */,
				027DDA1E2A0E6A660052818C /* AppDelegate.swift */,
				027DDA202A0E6A660052818C /* SceneDelegate.swift */,
			);
			path = Classes;
			sourceTree = "<group>";
		};
		027DDA502A0E75E60052818C /* Extensions */ = {
			isa = PBXGroup;
			children = (
				79B65D272A0FB4310042CC46 /* UIButton+Style.swift */,
				B22218472A10C08D0036B9A8 /* UILabel+Style.swift */,
				79311FD72A19214700764707 /* UITextField+Style.swift */,
			);
			path = Extensions;
			sourceTree = "<group>";
		};
		027DDA512A0E761B0052818C /* Modules */ = {
			isa = PBXGroup;
			children = (
				027DDA522A0E76420052818C /* Splash */,
			);
			path = Modules;
			sourceTree = "<group>";
		};
		027DDA522A0E76420052818C /* Splash */ = {
			isa = PBXGroup;
			children = (
				79311FD32A19203E00764707 /* SplashViewController.swift */,
				79311FD42A19203E00764707 /* SplashViewController.xib */,
			);
			path = Splash;
			sourceTree = "<group>";
		};
		027DDA532A0E76A00052818C /* Utilities */ = {
			isa = PBXGroup;
			children = (
			);
			path = Utilities;
			sourceTree = "<group>";
		};
		027DDA542A0E76C50052818C /* ReusableViews */ = {
			isa = PBXGroup;
			children = (
				79311FCC2A191C8E00764707 /* FormTextField */,
			);
			path = ReusableViews;
			sourceTree = "<group>";
		};
		027DDA552A0E76DC0052818C /* Services */ = {
			isa = PBXGroup;
			children = (
				027DDA572A0E76E90052818C /* Storage */,
				027DDA562A0E76E40052818C /* Network */,
			);
			path = Services;
			sourceTree = "<group>";
		};
		027DDA562A0E76E40052818C /* Network */ = {
			isa = PBXGroup;
			children = (
			);
			path = Network;
			sourceTree = "<group>";
		};
		027DDA572A0E76E90052818C /* Storage */ = {
			isa = PBXGroup;
			children = (
			);
			path = Storage;
			sourceTree = "<group>";
		};
		207FF8FE2A167E7C00E4BC76 /* Localization */ = {
			isa = PBXGroup;
			children = (
				207FF8FF2A167F9100E4BC76 /* Localizable.strings */,
			);
			path = Localization;
			sourceTree = "<group>";
		};
		79311FCC2A191C8E00764707 /* FormTextField */ = {
			isa = PBXGroup;
			children = (
				79311FCD2A191D2D00764707 /* FormTextField.xib */,
				79311FCF2A191D3700764707 /* FormTextField.swift */,
				79311FD12A191F8200764707 /* FormTextFieldResources.swift */,
			);
			path = FormTextField;
			sourceTree = "<group>";
		};
		F39D440B2A14ACE30039AEF8 /* Generated */ = {
			isa = PBXGroup;
			children = (
				02BBEE392A17BA20008E1BC0 /* Strings+Generated.swift */,
				F39D440C2A14AD810039AEF8 /* UIImage.Generated.swift */,
			);
			path = Generated;
			sourceTree = "<group>";
		};
/* End PBXGroup section */

/* Begin PBXNativeTarget section */
		027DDA1A2A0E6A660052818C /* Healthy */ = {
			isa = PBXNativeTarget;
			buildConfigurationList = 027DDA452A0E6A680052818C /* Build configuration list for PBXNativeTarget "Healthy" */;
			buildPhases = (
				F39D440A2A149CCC0039AEF8 /* SwiftGen */,
				0296C1152A0FC69E005E3DC8 /* SwiftLint */,
				027DDA172A0E6A660052818C /* Sources */,
				027DDA182A0E6A660052818C /* Frameworks */,
				027DDA192A0E6A660052818C /* Resources */,
			);
			buildRules = (
			);
			dependencies = (
			);
			name = Healthy;
			packageProductDependencies = (
				6DDA138C2A1109E8004390D4 /* Factory */,
			);
			productName = Healthy;
			productReference = 027DDA1B2A0E6A660052818C /* Healthy.app */;
			productType = "com.apple.product-type.application";
		};
		027DDA302A0E6A680052818C /* HealthyTests */ = {
			isa = PBXNativeTarget;
			buildConfigurationList = 027DDA482A0E6A680052818C /* Build configuration list for PBXNativeTarget "HealthyTests" */;
			buildPhases = (
				027DDA2D2A0E6A680052818C /* Sources */,
				027DDA2E2A0E6A680052818C /* Frameworks */,
				027DDA2F2A0E6A680052818C /* Resources */,
			);
			buildRules = (
			);
			dependencies = (
				027DDA332A0E6A680052818C /* PBXTargetDependency */,
			);
			name = HealthyTests;
			productName = HealthyTests;
			productReference = 027DDA312A0E6A680052818C /* HealthyTests.xctest */;
			productType = "com.apple.product-type.bundle.unit-test";
		};
		027DDA3A2A0E6A680052818C /* HealthyUITests */ = {
			isa = PBXNativeTarget;
			buildConfigurationList = 027DDA4B2A0E6A680052818C /* Build configuration list for PBXNativeTarget "HealthyUITests" */;
			buildPhases = (
				027DDA372A0E6A680052818C /* Sources */,
				027DDA382A0E6A680052818C /* Frameworks */,
				027DDA392A0E6A680052818C /* Resources */,
			);
			buildRules = (
			);
			dependencies = (
				027DDA3D2A0E6A680052818C /* PBXTargetDependency */,
			);
			name = HealthyUITests;
			productName = HealthyUITests;
			productReference = 027DDA3B2A0E6A680052818C /* HealthyUITests.xctest */;
			productType = "com.apple.product-type.bundle.ui-testing";
		};
/* End PBXNativeTarget section */

/* Begin PBXProject section */
		027DDA132A0E6A660052818C /* Project object */ = {
			isa = PBXProject;
			attributes = {
				BuildIndependentTargetsInParallel = 1;
				LastSwiftUpdateCheck = 1420;
				LastUpgradeCheck = 1420;
				TargetAttributes = {
					027DDA1A2A0E6A660052818C = {
						CreatedOnToolsVersion = 14.2;
					};
					027DDA302A0E6A680052818C = {
						CreatedOnToolsVersion = 14.2;
						TestTargetID = 027DDA1A2A0E6A660052818C;
					};
					027DDA3A2A0E6A680052818C = {
						CreatedOnToolsVersion = 14.2;
						TestTargetID = 027DDA1A2A0E6A660052818C;
					};
				};
			};
			buildConfigurationList = 027DDA162A0E6A660052818C /* Build configuration list for PBXProject "Healthy" */;
			compatibilityVersion = "Xcode 13.0";
			developmentRegion = en;
			hasScannedForEncodings = 0;
			knownRegions = (
				en,
				Base,
			);
			mainGroup = 027DDA122A0E6A660052818C;
			packageReferences = (
				6DDA138B2A1109E8004390D4 /* XCRemoteSwiftPackageReference "Factory" */,
			);
			productRefGroup = 027DDA1C2A0E6A660052818C /* Products */;
			projectDirPath = "";
			projectRoot = "";
			targets = (
				027DDA1A2A0E6A660052818C /* Healthy */,
				027DDA302A0E6A680052818C /* HealthyTests */,
				027DDA3A2A0E6A680052818C /* HealthyUITests */,
			);
		};
/* End PBXProject section */

/* Begin PBXResourcesBuildPhase section */
		027DDA192A0E6A660052818C /* Resources */ = {
			isa = PBXResourcesBuildPhase;
			buildActionMask = 2147483647;
			files = (
				027DDA2B2A0E6A680052818C /* LaunchScreen.storyboard in Resources */,
				207FF9002A167F9100E4BC76 /* Localizable.strings in Resources */,
				027DDA282A0E6A680052818C /* Assets.xcassets in Resources */,
				79311FD62A19203E00764707 /* SplashViewController.xib in Resources */,
				79311FCE2A191D2D00764707 /* FormTextField.xib in Resources */,
			);
			runOnlyForDeploymentPostprocessing = 0;
		};
		027DDA2F2A0E6A680052818C /* Resources */ = {
			isa = PBXResourcesBuildPhase;
			buildActionMask = 2147483647;
			files = (
			);
			runOnlyForDeploymentPostprocessing = 0;
		};
		027DDA392A0E6A680052818C /* Resources */ = {
			isa = PBXResourcesBuildPhase;
			buildActionMask = 2147483647;
			files = (
			);
			runOnlyForDeploymentPostprocessing = 0;
		};
/* End PBXResourcesBuildPhase section */

/* Begin PBXShellScriptBuildPhase section */
		0296C1152A0FC69E005E3DC8 /* SwiftLint */ = {
			isa = PBXShellScriptBuildPhase;
			alwaysOutOfDate = 1;
			buildActionMask = 2147483647;
			files = (
			);
			inputFileListPaths = (
			);
			inputPaths = (
			);
			name = SwiftLint;
			outputFileListPaths = (
			);
			outputPaths = (
			);
			runOnlyForDeploymentPostprocessing = 0;
			shellPath = /bin/sh;
			shellScript = "if [[ \"$(uname -m)\" == arm64 ]]; then\n    export PATH=\"/opt/homebrew/bin:$PATH\"\nfi\n\nif which swiftlint > /dev/null; then\n  swiftlint --fix && swiftlint --strict\nelse\n  echo \"warning: SwiftLint not installed, download from https://github.com/realm/SwiftLint\"\nfi\n";
		};
		F39D440A2A149CCC0039AEF8 /* SwiftGen */ = {
			isa = PBXShellScriptBuildPhase;
			buildActionMask = 2147483647;
			files = (
			);
			inputFileListPaths = (
			);
			inputPaths = (
			);
			name = SwiftGen;
			outputFileListPaths = (
			);
			outputPaths = (
			);
			runOnlyForDeploymentPostprocessing = 0;
			shellPath = /bin/sh;
			shellScript = "# Type a script or drag a script file from your workspace to insert its path.\n$SRCROOT/Vendors/SwiftGen/bin/swiftgen\n";
		};
/* End PBXShellScriptBuildPhase section */

/* Begin PBXSourcesBuildPhase section */
		027DDA172A0E6A660052818C /* Sources */ = {
			isa = PBXSourcesBuildPhase;
			buildActionMask = 2147483647;
			files = (
				79311FD82A19214700764707 /* UITextField+Style.swift in Sources */,
				02BBEE3A2A17BA20008E1BC0 /* Strings+Generated.swift in Sources */,
				79311FD22A191F8300764707 /* FormTextFieldResources.swift in Sources */,
				79311FD02A191D3700764707 /* FormTextField.swift in Sources */,
				79B65D282A0FB4310042CC46 /* UIButton+Style.swift in Sources */,
				027DDA1F2A0E6A660052818C /* AppDelegate.swift in Sources */,
				027DDA212A0E6A660052818C /* SceneDelegate.swift in Sources */,
				B22218482A10C08D0036B9A8 /* UILabel+Style.swift in Sources */,
				79311FD52A19203E00764707 /* SplashViewController.swift in Sources */,
			);
			runOnlyForDeploymentPostprocessing = 0;
		};
		027DDA2D2A0E6A680052818C /* Sources */ = {
			isa = PBXSourcesBuildPhase;
			buildActionMask = 2147483647;
			files = (
				027DDA362A0E6A680052818C /* HealthyTests.swift in Sources */,
			);
			runOnlyForDeploymentPostprocessing = 0;
		};
		027DDA372A0E6A680052818C /* Sources */ = {
			isa = PBXSourcesBuildPhase;
			buildActionMask = 2147483647;
			files = (
				027DDA422A0E6A680052818C /* HealthyUITestsLaunchTests.swift in Sources */,
				027DDA402A0E6A680052818C /* HealthyUITests.swift in Sources */,
			);
			runOnlyForDeploymentPostprocessing = 0;
		};
/* End PBXSourcesBuildPhase section */

/* Begin PBXTargetDependency section */
		027DDA332A0E6A680052818C /* PBXTargetDependency */ = {
			isa = PBXTargetDependency;
			target = 027DDA1A2A0E6A660052818C /* Healthy */;
			targetProxy = 027DDA322A0E6A680052818C /* PBXContainerItemProxy */;
		};
		027DDA3D2A0E6A680052818C /* PBXTargetDependency */ = {
			isa = PBXTargetDependency;
			target = 027DDA1A2A0E6A660052818C /* Healthy */;
			targetProxy = 027DDA3C2A0E6A680052818C /* PBXContainerItemProxy */;
		};
/* End PBXTargetDependency section */

/* Begin PBXVariantGroup section */
		027DDA292A0E6A680052818C /* LaunchScreen.storyboard */ = {
			isa = PBXVariantGroup;
			children = (
				027DDA2A2A0E6A680052818C /* Base */,
			);
			name = LaunchScreen.storyboard;
			sourceTree = "<group>";
		};
/* End PBXVariantGroup section */

/* Begin XCBuildConfiguration section */
		027DDA432A0E6A680052818C /* Debug */ = {
			isa = XCBuildConfiguration;
			buildSettings = {
				ALWAYS_SEARCH_USER_PATHS = NO;
				CLANG_ANALYZER_NONNULL = YES;
				CLANG_ANALYZER_NUMBER_OBJECT_CONVERSION = YES_AGGRESSIVE;
				CLANG_CXX_LANGUAGE_STANDARD = "gnu++20";
				CLANG_ENABLE_MODULES = YES;
				CLANG_ENABLE_OBJC_ARC = YES;
				CLANG_ENABLE_OBJC_WEAK = YES;
				CLANG_WARN_BLOCK_CAPTURE_AUTORELEASING = YES;
				CLANG_WARN_BOOL_CONVERSION = YES;
				CLANG_WARN_COMMA = YES;
				CLANG_WARN_CONSTANT_CONVERSION = YES;
				CLANG_WARN_DEPRECATED_OBJC_IMPLEMENTATIONS = YES;
				CLANG_WARN_DIRECT_OBJC_ISA_USAGE = YES_ERROR;
				CLANG_WARN_DOCUMENTATION_COMMENTS = YES;
				CLANG_WARN_EMPTY_BODY = YES;
				CLANG_WARN_ENUM_CONVERSION = YES;
				CLANG_WARN_INFINITE_RECURSION = YES;
				CLANG_WARN_INT_CONVERSION = YES;
				CLANG_WARN_NON_LITERAL_NULL_CONVERSION = YES;
				CLANG_WARN_OBJC_IMPLICIT_RETAIN_SELF = YES;
				CLANG_WARN_OBJC_LITERAL_CONVERSION = YES;
				CLANG_WARN_OBJC_ROOT_CLASS = YES_ERROR;
				CLANG_WARN_QUOTED_INCLUDE_IN_FRAMEWORK_HEADER = YES;
				CLANG_WARN_RANGE_LOOP_ANALYSIS = YES;
				CLANG_WARN_STRICT_PROTOTYPES = YES;
				CLANG_WARN_SUSPICIOUS_MOVE = YES;
				CLANG_WARN_UNGUARDED_AVAILABILITY = YES_AGGRESSIVE;
				CLANG_WARN_UNREACHABLE_CODE = YES;
				CLANG_WARN__DUPLICATE_METHOD_MATCH = YES;
				COPY_PHASE_STRIP = NO;
				DEBUG_INFORMATION_FORMAT = dwarf;
				ENABLE_STRICT_OBJC_MSGSEND = YES;
				ENABLE_TESTABILITY = YES;
				GCC_C_LANGUAGE_STANDARD = gnu11;
				GCC_DYNAMIC_NO_PIC = NO;
				GCC_NO_COMMON_BLOCKS = YES;
				GCC_OPTIMIZATION_LEVEL = 0;
				GCC_PREPROCESSOR_DEFINITIONS = (
					"DEBUG=1",
					"$(inherited)",
				);
				GCC_WARN_64_TO_32_BIT_CONVERSION = YES;
				GCC_WARN_ABOUT_RETURN_TYPE = YES_ERROR;
				GCC_WARN_UNDECLARED_SELECTOR = YES;
				GCC_WARN_UNINITIALIZED_AUTOS = YES_AGGRESSIVE;
				GCC_WARN_UNUSED_FUNCTION = YES;
				GCC_WARN_UNUSED_VARIABLE = YES;
				IPHONEOS_DEPLOYMENT_TARGET = 16.2;
				MTL_ENABLE_DEBUG_INFO = INCLUDE_SOURCE;
				MTL_FAST_MATH = YES;
				ONLY_ACTIVE_ARCH = YES;
				SDKROOT = iphoneos;
				SWIFT_ACTIVE_COMPILATION_CONDITIONS = DEBUG;
				SWIFT_OPTIMIZATION_LEVEL = "-Onone";
			};
			name = Debug;
		};
		027DDA442A0E6A680052818C /* Release */ = {
			isa = XCBuildConfiguration;
			buildSettings = {
				ALWAYS_SEARCH_USER_PATHS = NO;
				CLANG_ANALYZER_NONNULL = YES;
				CLANG_ANALYZER_NUMBER_OBJECT_CONVERSION = YES_AGGRESSIVE;
				CLANG_CXX_LANGUAGE_STANDARD = "gnu++20";
				CLANG_ENABLE_MODULES = YES;
				CLANG_ENABLE_OBJC_ARC = YES;
				CLANG_ENABLE_OBJC_WEAK = YES;
				CLANG_WARN_BLOCK_CAPTURE_AUTORELEASING = YES;
				CLANG_WARN_BOOL_CONVERSION = YES;
				CLANG_WARN_COMMA = YES;
				CLANG_WARN_CONSTANT_CONVERSION = YES;
				CLANG_WARN_DEPRECATED_OBJC_IMPLEMENTATIONS = YES;
				CLANG_WARN_DIRECT_OBJC_ISA_USAGE = YES_ERROR;
				CLANG_WARN_DOCUMENTATION_COMMENTS = YES;
				CLANG_WARN_EMPTY_BODY = YES;
				CLANG_WARN_ENUM_CONVERSION = YES;
				CLANG_WARN_INFINITE_RECURSION = YES;
				CLANG_WARN_INT_CONVERSION = YES;
				CLANG_WARN_NON_LITERAL_NULL_CONVERSION = YES;
				CLANG_WARN_OBJC_IMPLICIT_RETAIN_SELF = YES;
				CLANG_WARN_OBJC_LITERAL_CONVERSION = YES;
				CLANG_WARN_OBJC_ROOT_CLASS = YES_ERROR;
				CLANG_WARN_QUOTED_INCLUDE_IN_FRAMEWORK_HEADER = YES;
				CLANG_WARN_RANGE_LOOP_ANALYSIS = YES;
				CLANG_WARN_STRICT_PROTOTYPES = YES;
				CLANG_WARN_SUSPICIOUS_MOVE = YES;
				CLANG_WARN_UNGUARDED_AVAILABILITY = YES_AGGRESSIVE;
				CLANG_WARN_UNREACHABLE_CODE = YES;
				CLANG_WARN__DUPLICATE_METHOD_MATCH = YES;
				COPY_PHASE_STRIP = NO;
				DEBUG_INFORMATION_FORMAT = "dwarf-with-dsym";
				ENABLE_NS_ASSERTIONS = NO;
				ENABLE_STRICT_OBJC_MSGSEND = YES;
				GCC_C_LANGUAGE_STANDARD = gnu11;
				GCC_NO_COMMON_BLOCKS = YES;
				GCC_WARN_64_TO_32_BIT_CONVERSION = YES;
				GCC_WARN_ABOUT_RETURN_TYPE = YES_ERROR;
				GCC_WARN_UNDECLARED_SELECTOR = YES;
				GCC_WARN_UNINITIALIZED_AUTOS = YES_AGGRESSIVE;
				GCC_WARN_UNUSED_FUNCTION = YES;
				GCC_WARN_UNUSED_VARIABLE = YES;
				IPHONEOS_DEPLOYMENT_TARGET = 16.2;
				MTL_ENABLE_DEBUG_INFO = NO;
				MTL_FAST_MATH = YES;
				SDKROOT = iphoneos;
				SWIFT_COMPILATION_MODE = wholemodule;
				SWIFT_OPTIMIZATION_LEVEL = "-O";
				VALIDATE_PRODUCT = YES;
			};
			name = Release;
		};
		027DDA462A0E6A680052818C /* Debug */ = {
			isa = XCBuildConfiguration;
			buildSettings = {
				ASSETCATALOG_COMPILER_APPICON_NAME = AppIcon;
				ASSETCATALOG_COMPILER_GLOBAL_ACCENT_COLOR_NAME = AccentColor;
				CODE_SIGN_STYLE = Automatic;
				CURRENT_PROJECT_VERSION = 1;
				DEVELOPMENT_TEAM = JUUZV79G5F;
				GENERATE_INFOPLIST_FILE = YES;
				INFOPLIST_FILE = Healthy/Resources/Info.plist;
				INFOPLIST_KEY_UIApplicationSupportsIndirectInputEvents = YES;
				INFOPLIST_KEY_UILaunchStoryboardName = LaunchScreen;
				INFOPLIST_KEY_UISupportedInterfaceOrientations_iPad = "UIInterfaceOrientationPortrait UIInterfaceOrientationPortraitUpsideDown UIInterfaceOrientationLandscapeLeft UIInterfaceOrientationLandscapeRight";
				INFOPLIST_KEY_UISupportedInterfaceOrientations_iPhone = "UIInterfaceOrientationPortrait UIInterfaceOrientationLandscapeLeft UIInterfaceOrientationLandscapeRight";
				IPHONEOS_DEPLOYMENT_TARGET = 13.0;
				LD_RUNPATH_SEARCH_PATHS = (
					"$(inherited)",
					"@executable_path/Frameworks",
				);
				MARKETING_VERSION = 1.0.0;
				PRODUCT_BUNDLE_IDENTIFIER = com.motoon.Healthy;
				PRODUCT_NAME = "$(TARGET_NAME)";
				SWIFT_EMIT_LOC_STRINGS = YES;
				SWIFT_TREAT_WARNINGS_AS_ERRORS = YES;
				SWIFT_VERSION = 5.0;
				TARGETED_DEVICE_FAMILY = "1,2";
			};
			name = Debug;
		};
		027DDA472A0E6A680052818C /* Release */ = {
			isa = XCBuildConfiguration;
			buildSettings = {
				ASSETCATALOG_COMPILER_APPICON_NAME = AppIcon;
				ASSETCATALOG_COMPILER_GLOBAL_ACCENT_COLOR_NAME = AccentColor;
				CODE_SIGN_STYLE = Automatic;
				CURRENT_PROJECT_VERSION = 1;
				DEVELOPMENT_TEAM = JUUZV79G5F;
				GENERATE_INFOPLIST_FILE = YES;
				INFOPLIST_FILE = Healthy/Resources/Info.plist;
				INFOPLIST_KEY_UIApplicationSupportsIndirectInputEvents = YES;
				INFOPLIST_KEY_UILaunchStoryboardName = LaunchScreen;
				INFOPLIST_KEY_UISupportedInterfaceOrientations_iPad = "UIInterfaceOrientationPortrait UIInterfaceOrientationPortraitUpsideDown UIInterfaceOrientationLandscapeLeft UIInterfaceOrientationLandscapeRight";
				INFOPLIST_KEY_UISupportedInterfaceOrientations_iPhone = "UIInterfaceOrientationPortrait UIInterfaceOrientationLandscapeLeft UIInterfaceOrientationLandscapeRight";
				IPHONEOS_DEPLOYMENT_TARGET = 13.0;
				LD_RUNPATH_SEARCH_PATHS = (
					"$(inherited)",
					"@executable_path/Frameworks",
				);
				MARKETING_VERSION = 1.0.0;
				PRODUCT_BUNDLE_IDENTIFIER = com.motoon.Healthy;
				PRODUCT_NAME = "$(TARGET_NAME)";
				SWIFT_EMIT_LOC_STRINGS = YES;
				SWIFT_TREAT_WARNINGS_AS_ERRORS = YES;
				SWIFT_VERSION = 5.0;
				TARGETED_DEVICE_FAMILY = "1,2";
			};
			name = Release;
		};
		027DDA492A0E6A680052818C /* Debug */ = {
			isa = XCBuildConfiguration;
			buildSettings = {
				ALWAYS_EMBED_SWIFT_STANDARD_LIBRARIES = YES;
				BUNDLE_LOADER = "$(TEST_HOST)";
				CODE_SIGN_STYLE = Automatic;
				CURRENT_PROJECT_VERSION = 1;
				DEVELOPMENT_TEAM = JUUZV79G5F;
				GENERATE_INFOPLIST_FILE = YES;
				IPHONEOS_DEPLOYMENT_TARGET = 16.2;
				MARKETING_VERSION = 1.0;
				PRODUCT_BUNDLE_IDENTIFIER = com.motoon.HealthyTests;
				PRODUCT_NAME = "$(TARGET_NAME)";
				SWIFT_EMIT_LOC_STRINGS = NO;
				SWIFT_VERSION = 5.0;
				TARGETED_DEVICE_FAMILY = "1,2";
				TEST_HOST = "$(BUILT_PRODUCTS_DIR)/Healthy.app/$(BUNDLE_EXECUTABLE_FOLDER_PATH)/Healthy";
			};
			name = Debug;
		};
		027DDA4A2A0E6A680052818C /* Release */ = {
			isa = XCBuildConfiguration;
			buildSettings = {
				ALWAYS_EMBED_SWIFT_STANDARD_LIBRARIES = YES;
				BUNDLE_LOADER = "$(TEST_HOST)";
				CODE_SIGN_STYLE = Automatic;
				CURRENT_PROJECT_VERSION = 1;
				DEVELOPMENT_TEAM = JUUZV79G5F;
				GENERATE_INFOPLIST_FILE = YES;
				IPHONEOS_DEPLOYMENT_TARGET = 16.2;
				MARKETING_VERSION = 1.0;
				PRODUCT_BUNDLE_IDENTIFIER = com.motoon.HealthyTests;
				PRODUCT_NAME = "$(TARGET_NAME)";
				SWIFT_EMIT_LOC_STRINGS = NO;
				SWIFT_VERSION = 5.0;
				TARGETED_DEVICE_FAMILY = "1,2";
				TEST_HOST = "$(BUILT_PRODUCTS_DIR)/Healthy.app/$(BUNDLE_EXECUTABLE_FOLDER_PATH)/Healthy";
			};
			name = Release;
		};
		027DDA4C2A0E6A680052818C /* Debug */ = {
			isa = XCBuildConfiguration;
			buildSettings = {
				ALWAYS_EMBED_SWIFT_STANDARD_LIBRARIES = YES;
				CODE_SIGN_STYLE = Automatic;
				CURRENT_PROJECT_VERSION = 1;
				DEVELOPMENT_TEAM = JUUZV79G5F;
				GENERATE_INFOPLIST_FILE = YES;
				MARKETING_VERSION = 1.0;
				PRODUCT_BUNDLE_IDENTIFIER = com.motoon.HealthyUITests;
				PRODUCT_NAME = "$(TARGET_NAME)";
				SWIFT_EMIT_LOC_STRINGS = NO;
				SWIFT_VERSION = 5.0;
				TARGETED_DEVICE_FAMILY = "1,2";
				TEST_TARGET_NAME = Healthy;
			};
			name = Debug;
		};
		027DDA4D2A0E6A680052818C /* Release */ = {
			isa = XCBuildConfiguration;
			buildSettings = {
				ALWAYS_EMBED_SWIFT_STANDARD_LIBRARIES = YES;
				CODE_SIGN_STYLE = Automatic;
				CURRENT_PROJECT_VERSION = 1;
				DEVELOPMENT_TEAM = JUUZV79G5F;
				GENERATE_INFOPLIST_FILE = YES;
				MARKETING_VERSION = 1.0;
				PRODUCT_BUNDLE_IDENTIFIER = com.motoon.HealthyUITests;
				PRODUCT_NAME = "$(TARGET_NAME)";
				SWIFT_EMIT_LOC_STRINGS = NO;
				SWIFT_VERSION = 5.0;
				TARGETED_DEVICE_FAMILY = "1,2";
				TEST_TARGET_NAME = Healthy;
			};
			name = Release;
		};
/* End XCBuildConfiguration section */

/* Begin XCConfigurationList section */
		027DDA162A0E6A660052818C /* Build configuration list for PBXProject "Healthy" */ = {
			isa = XCConfigurationList;
			buildConfigurations = (
				027DDA432A0E6A680052818C /* Debug */,
				027DDA442A0E6A680052818C /* Release */,
			);
			defaultConfigurationIsVisible = 0;
			defaultConfigurationName = Release;
		};
		027DDA452A0E6A680052818C /* Build configuration list for PBXNativeTarget "Healthy" */ = {
			isa = XCConfigurationList;
			buildConfigurations = (
				027DDA462A0E6A680052818C /* Debug */,
				027DDA472A0E6A680052818C /* Release */,
			);
			defaultConfigurationIsVisible = 0;
			defaultConfigurationName = Release;
		};
		027DDA482A0E6A680052818C /* Build configuration list for PBXNativeTarget "HealthyTests" */ = {
			isa = XCConfigurationList;
			buildConfigurations = (
				027DDA492A0E6A680052818C /* Debug */,
				027DDA4A2A0E6A680052818C /* Release */,
			);
			defaultConfigurationIsVisible = 0;
			defaultConfigurationName = Release;
		};
		027DDA4B2A0E6A680052818C /* Build configuration list for PBXNativeTarget "HealthyUITests" */ = {
			isa = XCConfigurationList;
			buildConfigurations = (
				027DDA4C2A0E6A680052818C /* Debug */,
				027DDA4D2A0E6A680052818C /* Release */,
			);
			defaultConfigurationIsVisible = 0;
			defaultConfigurationName = Release;
		};
/* End XCConfigurationList section */

/* Begin XCRemoteSwiftPackageReference section */
		6DDA138B2A1109E8004390D4 /* XCRemoteSwiftPackageReference "Factory" */ = {
			isa = XCRemoteSwiftPackageReference;
			repositoryURL = "https://github.com/hmlongco/Factory.git";
			requirement = {
				kind = upToNextMajorVersion;
				minimumVersion = 2.0.0;
			};
		};
/* End XCRemoteSwiftPackageReference section */

/* Begin XCSwiftPackageProductDependency section */
		6DDA138C2A1109E8004390D4 /* Factory */ = {
			isa = XCSwiftPackageProductDependency;
			package = 6DDA138B2A1109E8004390D4 /* XCRemoteSwiftPackageReference "Factory" */;
			productName = Factory;
		};
/* End XCSwiftPackageProductDependency section */
	};
	rootObject = 027DDA132A0E6A660052818C /* Project object */;
}
