// !$*UTF8*$!
{
	archiveVersion = 1;
	classes = {
	};
	objectVersion = 55;
	objects = {

/* Begin PBXBuildFile section */
		020CF0B72A3FA8F600D81BC8 /* UIImage.Generated.swift in Sources */ = {isa = PBXBuildFile; fileRef = C9D16A452A3C64A5008C7732 /* UIImage.Generated.swift */; };
		02279EA72A3373C400C607AD /* CreateAccountViewModelTests.swift in Sources */ = {isa = PBXBuildFile; fileRef = 02279EA62A3373C400C607AD /* CreateAccountViewModelTests.swift */; };
		0229242A2A33A137009290A8 /* UIView+Helpers.swift in Sources */ = {isa = PBXBuildFile; fileRef = 022924292A33A137009290A8 /* UIView+Helpers.swift */; };
		0229242F2A33A170009290A8 /* Strings.Generated.swift in Sources */ = {isa = PBXBuildFile; fileRef = 0229242C2A33A170009290A8 /* Strings.Generated.swift */; };
		022924302A33A170009290A8 /* UIColors.Generated.swift in Sources */ = {isa = PBXBuildFile; fileRef = 0229242D2A33A170009290A8 /* UIColors.Generated.swift */; };
		025511922A3C394300295B91 /* Colors.xcassets in Resources */ = {isa = PBXBuildFile; fileRef = 20376AA82A2663F8004BF0BF /* Colors.xcassets */; };
		025511962A3C3F6400295B91 /* Poppins-Regular.ttf in Resources */ = {isa = PBXBuildFile; fileRef = 025511942A3C3F6400295B91 /* Poppins-Regular.ttf */; };
		025511972A3C3F6400295B91 /* Poppins-Bold.ttf in Resources */ = {isa = PBXBuildFile; fileRef = 025511952A3C3F6400295B91 /* Poppins-Bold.ttf */; };
		0255119D2A3C5D7300295B91 /* SearchViewModelType.swift in Sources */ = {isa = PBXBuildFile; fileRef = 025511992A3C5D7300295B91 /* SearchViewModelType.swift */; };
		0255119E2A3C5D7300295B91 /* SearchViewController.swift in Sources */ = {isa = PBXBuildFile; fileRef = 0255119A2A3C5D7300295B91 /* SearchViewController.swift */; };
		0255119F2A3C5D7300295B91 /* SearchViewModel.swift in Sources */ = {isa = PBXBuildFile; fileRef = 0255119B2A3C5D7300295B91 /* SearchViewModel.swift */; };
		025511A02A3C5D7300295B91 /* SearchViewController.xib in Resources */ = {isa = PBXBuildFile; fileRef = 0255119C2A3C5D7300295B91 /* SearchViewController.xib */; };
		025511A82A3C5DAA00295B91 /* SavedRecipesViewModelType.swift in Sources */ = {isa = PBXBuildFile; fileRef = 025511A42A3C5DAA00295B91 /* SavedRecipesViewModelType.swift */; };
		025511A92A3C5DAA00295B91 /* SavedRecipesViewController.swift in Sources */ = {isa = PBXBuildFile; fileRef = 025511A52A3C5DAA00295B91 /* SavedRecipesViewController.swift */; };
		025511AA2A3C5DAA00295B91 /* SavedRecipesViewModel.swift in Sources */ = {isa = PBXBuildFile; fileRef = 025511A62A3C5DAA00295B91 /* SavedRecipesViewModel.swift */; };
		025511AB2A3C5DAA00295B91 /* SavedRecipesViewController.xib in Resources */ = {isa = PBXBuildFile; fileRef = 025511A72A3C5DAA00295B91 /* SavedRecipesViewController.xib */; };
		025511B12A3C5F8900295B91 /* FilterSearchViewModelType.swift in Sources */ = {isa = PBXBuildFile; fileRef = 025511AD2A3C5F8900295B91 /* FilterSearchViewModelType.swift */; };
		025511B22A3C5F8900295B91 /* FilterSearchViewController.swift in Sources */ = {isa = PBXBuildFile; fileRef = 025511AE2A3C5F8900295B91 /* FilterSearchViewController.swift */; };
		025511B32A3C5F8900295B91 /* FilterSearchViewModel.swift in Sources */ = {isa = PBXBuildFile; fileRef = 025511AF2A3C5F8900295B91 /* FilterSearchViewModel.swift */; };
		025511B42A3C5F8900295B91 /* FilterSearchViewController.xib in Resources */ = {isa = PBXBuildFile; fileRef = 025511B02A3C5F8900295B91 /* FilterSearchViewController.xib */; };
		025511B72A3C623000295B91 /* NewRelic in Frameworks */ = {isa = PBXBuildFile; productRef = 025511B62A3C623000295B91 /* NewRelic */; };
		025511BB2A3C655200295B91 /* SavedRecipe.swift in Sources */ = {isa = PBXBuildFile; fileRef = 025511BA2A3C655200295B91 /* SavedRecipe.swift */; };
		025511BD2A3C656300295B91 /* Recipe.swift in Sources */ = {isa = PBXBuildFile; fileRef = 025511BC2A3C656300295B91 /* Recipe.swift */; };
		025511BF2A3C8E9300295B91 /* OnboardingCoordinator.swift in Sources */ = {isa = PBXBuildFile; fileRef = 025511BE2A3C8E9300295B91 /* OnboardingCoordinator.swift */; };
		025511C22A3D049500295B91 /* Coordinator.swift in Sources */ = {isa = PBXBuildFile; fileRef = 025511C12A3D049500295B91 /* Coordinator.swift */; };
		025511C42A3D058800295B91 /* AppCoordinator.swift in Sources */ = {isa = PBXBuildFile; fileRef = 025511C32A3D058800295B91 /* AppCoordinator.swift */; };
		025511CF2A3D0A8B00295B91 /* SplashViewController.swift in Sources */ = {isa = PBXBuildFile; fileRef = 025511C62A3D0A8B00295B91 /* SplashViewController.swift */; };
		025511D02A3D0A8B00295B91 /* SplashViewModel.swift in Sources */ = {isa = PBXBuildFile; fileRef = 025511C72A3D0A8B00295B91 /* SplashViewModel.swift */; };
		025511D12A3D0A8B00295B91 /* SplashViewModelType.swift in Sources */ = {isa = PBXBuildFile; fileRef = 025511C82A3D0A8B00295B91 /* SplashViewModelType.swift */; };
		025511D22A3D0A8B00295B91 /* SplashViewController.xib in Resources */ = {isa = PBXBuildFile; fileRef = 025511C92A3D0A8B00295B91 /* SplashViewController.xib */; };
		025511D32A3D0A8B00295B91 /* CreateAccountViewController.xib in Resources */ = {isa = PBXBuildFile; fileRef = 025511CB2A3D0A8B00295B91 /* CreateAccountViewController.xib */; };
		025511D42A3D0A8B00295B91 /* CreateAccountViewModel.swift in Sources */ = {isa = PBXBuildFile; fileRef = 025511CC2A3D0A8B00295B91 /* CreateAccountViewModel.swift */; };
		025511D52A3D0A8B00295B91 /* CreateAccountviewModelType.swift in Sources */ = {isa = PBXBuildFile; fileRef = 025511CD2A3D0A8B00295B91 /* CreateAccountviewModelType.swift */; };
		025511D62A3D0A8B00295B91 /* CreateAccountViewController.swift in Sources */ = {isa = PBXBuildFile; fileRef = 025511CE2A3D0A8B00295B91 /* CreateAccountViewController.swift */; };
		025A47532A336B05008BF85A /* DashboardViewModelType.swift in Sources */ = {isa = PBXBuildFile; fileRef = 025A474F2A336B05008BF85A /* DashboardViewModelType.swift */; };
		025A47542A336B05008BF85A /* DashboardViewController.swift in Sources */ = {isa = PBXBuildFile; fileRef = 025A47502A336B05008BF85A /* DashboardViewController.swift */; };
		025A47552A336B05008BF85A /* DashboardViewModel.swift in Sources */ = {isa = PBXBuildFile; fileRef = 025A47512A336B05008BF85A /* DashboardViewModel.swift */; };
		025A47562A336B05008BF85A /* DashboardViewController.xib in Resources */ = {isa = PBXBuildFile; fileRef = 025A47522A336B05008BF85A /* DashboardViewController.xib */; };
		025A47592A336C2D008BF85A /* HomeHeaderView.swift in Sources */ = {isa = PBXBuildFile; fileRef = 025A47582A336C2D008BF85A /* HomeHeaderView.swift */; };
		025A477B2A337320008BF85A /* EmailValidator.swift in Sources */ = {isa = PBXBuildFile; fileRef = 025A47712A337320008BF85A /* EmailValidator.swift */; };
		025A477C2A337320008BF85A /* Validator.swift in Sources */ = {isa = PBXBuildFile; fileRef = 025A47722A337320008BF85A /* Validator.swift */; };
		025A477D2A337320008BF85A /* PasswordValidator.swift in Sources */ = {isa = PBXBuildFile; fileRef = 025A47732A337320008BF85A /* PasswordValidator.swift */; };
		025A477E2A337320008BF85A /* ValidationError.swift in Sources */ = {isa = PBXBuildFile; fileRef = 025A47742A337320008BF85A /* ValidationError.swift */; };
		025A477F2A337320008BF85A /* ValidationRule.swift in Sources */ = {isa = PBXBuildFile; fileRef = 025A47752A337320008BF85A /* ValidationRule.swift */; };
		025A47802A337320008BF85A /* AuthenticatedUser.swift in Sources */ = {isa = PBXBuildFile; fileRef = 025A47772A337320008BF85A /* AuthenticatedUser.swift */; };
		025A47812A337320008BF85A /* Authentication.swift in Sources */ = {isa = PBXBuildFile; fileRef = 025A47782A337320008BF85A /* Authentication.swift */; };
		025A47822A337320008BF85A /* GoogleLoginAuthenticator.swift in Sources */ = {isa = PBXBuildFile; fileRef = 025A477A2A337320008BF85A /* GoogleLoginAuthenticator.swift */; };
		025A47852A337337008BF85A /* Constants.swift in Sources */ = {isa = PBXBuildFile; fileRef = 025A47842A337337008BF85A /* Constants.swift */; };
		0274F97A2A37D9040035A56F /* AppDelegate.swift in Sources */ = {isa = PBXBuildFile; fileRef = 027DDA1E2A0E6A660052818C /* AppDelegate.swift */; };
		027DDA212A0E6A660052818C /* SceneDelegate.swift in Sources */ = {isa = PBXBuildFile; fileRef = 027DDA202A0E6A660052818C /* SceneDelegate.swift */; };
		027DDA282A0E6A680052818C /* Assets.xcassets in Resources */ = {isa = PBXBuildFile; fileRef = 027DDA272A0E6A680052818C /* Assets.xcassets */; };
		027DDA2B2A0E6A680052818C /* (null) in Resources */ = {isa = PBXBuildFile; };
		027DDA402A0E6A680052818C /* HealthyUITests.swift in Sources */ = {isa = PBXBuildFile; fileRef = 027DDA3F2A0E6A680052818C /* HealthyUITests.swift */; };
		027DDA422A0E6A680052818C /* HealthyUITestsLaunchTests.swift in Sources */ = {isa = PBXBuildFile; fileRef = 027DDA412A0E6A680052818C /* HealthyUITestsLaunchTests.swift */; };
		0296F7932A4342B500DBC86A /* FacebookCore in Frameworks */ = {isa = PBXBuildFile; productRef = 0296F7922A4342B500DBC86A /* FacebookCore */; };
		0296F7952A4342B500DBC86A /* FacebookLogin in Frameworks */ = {isa = PBXBuildFile; productRef = 0296F7942A4342B500DBC86A /* FacebookLogin */; };
		0296F7972A43491B00DBC86A /* FacebookAuthenticator.swift in Sources */ = {isa = PBXBuildFile; fileRef = 0296F7962A43491B00DBC86A /* FacebookAuthenticator.swift */; };
		02FDBC312A3A65AB0012AF87 /* PlaceholderView.swift in Sources */ = {isa = PBXBuildFile; fileRef = 02FDBC302A3A65AB0012AF87 /* PlaceholderView.swift */; };
		02FDBC332A3A66780012AF87 /* PlaceholderView.xib in Resources */ = {isa = PBXBuildFile; fileRef = 02FDBC322A3A66780012AF87 /* PlaceholderView.xib */; };
		2049C21C2A2000680077DBE4 /* CheckboxButton.swift in Sources */ = {isa = PBXBuildFile; fileRef = 2049C21B2A2000680077DBE4 /* CheckboxButton.swift */; };
		206FF7972A39EE4100130CA4 /* CreateAccountViewControllerTests.swift in Sources */ = {isa = PBXBuildFile; fileRef = 206FF7962A39EE4100130CA4 /* CreateAccountViewControllerTests.swift */; };
		206FF79A2A3A32DD00130CA4 /* CreateViewModelMock.swift in Sources */ = {isa = PBXBuildFile; fileRef = 206FF7992A3A32DC00130CA4 /* CreateViewModelMock.swift */; };
		207FF9002A167F9100E4BC76 /* Localizable.strings in Resources */ = {isa = PBXBuildFile; fileRef = 207FF8FF2A167F9100E4BC76 /* Localizable.strings */; };
		6D611B9D2A299E3600A1FC65 /* GoogleSignIn in Frameworks */ = {isa = PBXBuildFile; productRef = 6D611B9C2A299E3600A1FC65 /* GoogleSignIn */; };
		6D611B9F2A299E3600A1FC65 /* GoogleSignInSwift in Frameworks */ = {isa = PBXBuildFile; productRef = 6D611B9E2A299E3600A1FC65 /* GoogleSignInSwift */; };
		6DB1366C2A36357000448722 /* SkeletonView in Frameworks */ = {isa = PBXBuildFile; productRef = 6DB1366B2A36357000448722 /* SkeletonView */; };
		6DB1366E2A3635AC00448722 /* UIView+SkeletonView.swift in Sources */ = {isa = PBXBuildFile; fileRef = 6DB1366D2A3635AC00448722 /* UIView+SkeletonView.swift */; };
		6DB5DC9B2A3270880064FBD3 /* GoogleSignIn in Frameworks */ = {isa = PBXBuildFile; productRef = 6DFC9F6A2A2AAD4200686E7C /* GoogleSignIn */; };
		6DDA138D2A1109E8004390D4 /* Factory in Frameworks */ = {isa = PBXBuildFile; productRef = 6DDA138C2A1109E8004390D4 /* Factory */; };
		6DF525062A1E84C80027502C /* LoginViewController.xib in Resources */ = {isa = PBXBuildFile; fileRef = 6DF525052A1E84C80027502C /* LoginViewController.xib */; };
		6DF525082A1E84FD0027502C /* LoginViewController.swift in Sources */ = {isa = PBXBuildFile; fileRef = 6DF525072A1E84FD0027502C /* LoginViewController.swift */; };
		6DF5250A2A1E854B0027502C /* LoginViewModel.swift in Sources */ = {isa = PBXBuildFile; fileRef = 6DF525092A1E854B0027502C /* LoginViewModel.swift */; };
		6DF5250C2A1E855F0027502C /* LoginViewModelType.swift in Sources */ = {isa = PBXBuildFile; fileRef = 6DF5250B2A1E855F0027502C /* LoginViewModelType.swift */; };
		6DFEC6232A2E982C0090B2E2 /* LoginViewControllerTests.swift in Sources */ = {isa = PBXBuildFile; fileRef = 6DFEC6222A2E982C0090B2E2 /* LoginViewControllerTests.swift */; };
		6DFEC6252A2EA5770090B2E2 /* LoginViewModelMock.swift in Sources */ = {isa = PBXBuildFile; fileRef = 6DFEC6242A2EA5770090B2E2 /* LoginViewModelMock.swift */; };
		79311FD02A191D3700764707 /* FormTextField.swift in Sources */ = {isa = PBXBuildFile; fileRef = 79311FCF2A191D3700764707 /* FormTextField.swift */; };
		79311FD82A19214700764707 /* UITextField+Style.swift in Sources */ = {isa = PBXBuildFile; fileRef = 79311FD72A19214700764707 /* UITextField+Style.swift */; };
		79B65D282A0FB4310042CC46 /* UIButton+Style.swift in Sources */ = {isa = PBXBuildFile; fileRef = 79B65D272A0FB4310042CC46 /* UIButton+Style.swift */; };
		A29B4FAB2A38DB9D00965154 /* HomeHeaderView.xib in Resources */ = {isa = PBXBuildFile; fileRef = A29B4FAA2A38DB9D00965154 /* HomeHeaderView.xib */; };
		B21F81BC2A419EC400905E50 /* SearchCollectionViewCell.swift in Sources */ = {isa = PBXBuildFile; fileRef = B21F81BB2A419EC400905E50 /* SearchCollectionViewCell.swift */; };
		B21F81C02A41A05C00905E50 /* UICollectionView+Helpers.swift in Sources */ = {isa = PBXBuildFile; fileRef = B21F81BF2A41A05C00905E50 /* UICollectionView+Helpers.swift */; };
		B22218482A10C08D0036B9A8 /* UILabel+Style.swift in Sources */ = {isa = PBXBuildFile; fileRef = B22218472A10C08D0036B9A8 /* UILabel+Style.swift */; };
		C9F107B62A3A2AEC0060DF0B /* HomeDishesView.swift in Sources */ = {isa = PBXBuildFile; fileRef = C9F107B52A3A2AEC0060DF0B /* HomeDishesView.swift */; };
/* End PBXBuildFile section */

/* Begin PBXContainerItemProxy section */
		027DDA322A0E6A680052818C /* PBXContainerItemProxy */ = {
			isa = PBXContainerItemProxy;
			containerPortal = 027DDA132A0E6A660052818C /* Project object */;
			proxyType = 1;
			remoteGlobalIDString = 027DDA1A2A0E6A660052818C;
			remoteInfo = Healthy;
		};
		027DDA3C2A0E6A680052818C /* PBXContainerItemProxy */ = {
			isa = PBXContainerItemProxy;
			containerPortal = 027DDA132A0E6A660052818C /* Project object */;
			proxyType = 1;
			remoteGlobalIDString = 027DDA1A2A0E6A660052818C;
			remoteInfo = Healthy;
		};
/* End PBXContainerItemProxy section */

/* Begin PBXFileReference section */
		02279EA62A3373C400C607AD /* CreateAccountViewModelTests.swift */ = {isa = PBXFileReference; fileEncoding = 4; lastKnownFileType = sourcecode.swift; path = CreateAccountViewModelTests.swift; sourceTree = "<group>"; };
		022924292A33A137009290A8 /* UIView+Helpers.swift */ = {isa = PBXFileReference; fileEncoding = 4; lastKnownFileType = sourcecode.swift; path = "UIView+Helpers.swift"; sourceTree = "<group>"; };
		0229242C2A33A170009290A8 /* Strings.Generated.swift */ = {isa = PBXFileReference; fileEncoding = 4; lastKnownFileType = sourcecode.swift; path = Strings.Generated.swift; sourceTree = "<group>"; };
		0229242D2A33A170009290A8 /* UIColors.Generated.swift */ = {isa = PBXFileReference; fileEncoding = 4; lastKnownFileType = sourcecode.swift; path = UIColors.Generated.swift; sourceTree = "<group>"; };
		025511942A3C3F6400295B91 /* Poppins-Regular.ttf */ = {isa = PBXFileReference; lastKnownFileType = file; path = "Poppins-Regular.ttf"; sourceTree = "<group>"; };
		025511952A3C3F6400295B91 /* Poppins-Bold.ttf */ = {isa = PBXFileReference; lastKnownFileType = file; path = "Poppins-Bold.ttf"; sourceTree = "<group>"; };
		025511992A3C5D7300295B91 /* SearchViewModelType.swift */ = {isa = PBXFileReference; lastKnownFileType = sourcecode.swift; path = SearchViewModelType.swift; sourceTree = "<group>"; };
		0255119A2A3C5D7300295B91 /* SearchViewController.swift */ = {isa = PBXFileReference; lastKnownFileType = sourcecode.swift; path = SearchViewController.swift; sourceTree = "<group>"; };
		0255119B2A3C5D7300295B91 /* SearchViewModel.swift */ = {isa = PBXFileReference; lastKnownFileType = sourcecode.swift; path = SearchViewModel.swift; sourceTree = "<group>"; };
		0255119C2A3C5D7300295B91 /* SearchViewController.xib */ = {isa = PBXFileReference; lastKnownFileType = file.xib; path = SearchViewController.xib; sourceTree = "<group>"; };
		025511A42A3C5DAA00295B91 /* SavedRecipesViewModelType.swift */ = {isa = PBXFileReference; lastKnownFileType = sourcecode.swift; path = SavedRecipesViewModelType.swift; sourceTree = "<group>"; };
		025511A52A3C5DAA00295B91 /* SavedRecipesViewController.swift */ = {isa = PBXFileReference; lastKnownFileType = sourcecode.swift; path = SavedRecipesViewController.swift; sourceTree = "<group>"; };
		025511A62A3C5DAA00295B91 /* SavedRecipesViewModel.swift */ = {isa = PBXFileReference; lastKnownFileType = sourcecode.swift; path = SavedRecipesViewModel.swift; sourceTree = "<group>"; };
		025511A72A3C5DAA00295B91 /* SavedRecipesViewController.xib */ = {isa = PBXFileReference; lastKnownFileType = file.xib; path = SavedRecipesViewController.xib; sourceTree = "<group>"; };
		025511AD2A3C5F8900295B91 /* FilterSearchViewModelType.swift */ = {isa = PBXFileReference; lastKnownFileType = sourcecode.swift; path = FilterSearchViewModelType.swift; sourceTree = "<group>"; };
		025511AE2A3C5F8900295B91 /* FilterSearchViewController.swift */ = {isa = PBXFileReference; lastKnownFileType = sourcecode.swift; path = FilterSearchViewController.swift; sourceTree = "<group>"; };
		025511AF2A3C5F8900295B91 /* FilterSearchViewModel.swift */ = {isa = PBXFileReference; lastKnownFileType = sourcecode.swift; path = FilterSearchViewModel.swift; sourceTree = "<group>"; };
		025511B02A3C5F8900295B91 /* FilterSearchViewController.xib */ = {isa = PBXFileReference; lastKnownFileType = file.xib; path = FilterSearchViewController.xib; sourceTree = "<group>"; };
		025511BA2A3C655200295B91 /* SavedRecipe.swift */ = {isa = PBXFileReference; lastKnownFileType = sourcecode.swift; path = SavedRecipe.swift; sourceTree = "<group>"; };
		025511BC2A3C656300295B91 /* Recipe.swift */ = {isa = PBXFileReference; lastKnownFileType = sourcecode.swift; path = Recipe.swift; sourceTree = "<group>"; };
		025511BE2A3C8E9300295B91 /* OnboardingCoordinator.swift */ = {isa = PBXFileReference; lastKnownFileType = sourcecode.swift; path = OnboardingCoordinator.swift; sourceTree = "<group>"; };
		025511C12A3D049500295B91 /* Coordinator.swift */ = {isa = PBXFileReference; lastKnownFileType = sourcecode.swift; path = Coordinator.swift; sourceTree = "<group>"; };
		025511C32A3D058800295B91 /* AppCoordinator.swift */ = {isa = PBXFileReference; lastKnownFileType = sourcecode.swift; path = AppCoordinator.swift; sourceTree = "<group>"; };
		025511C62A3D0A8B00295B91 /* SplashViewController.swift */ = {isa = PBXFileReference; fileEncoding = 4; lastKnownFileType = sourcecode.swift; path = SplashViewController.swift; sourceTree = "<group>"; };
		025511C72A3D0A8B00295B91 /* SplashViewModel.swift */ = {isa = PBXFileReference; fileEncoding = 4; lastKnownFileType = sourcecode.swift; path = SplashViewModel.swift; sourceTree = "<group>"; };
		025511C82A3D0A8B00295B91 /* SplashViewModelType.swift */ = {isa = PBXFileReference; fileEncoding = 4; lastKnownFileType = sourcecode.swift; path = SplashViewModelType.swift; sourceTree = "<group>"; };
		025511C92A3D0A8B00295B91 /* SplashViewController.xib */ = {isa = PBXFileReference; fileEncoding = 4; lastKnownFileType = file.xib; path = SplashViewController.xib; sourceTree = "<group>"; };
		025511CB2A3D0A8B00295B91 /* CreateAccountViewController.xib */ = {isa = PBXFileReference; fileEncoding = 4; lastKnownFileType = file.xib; path = CreateAccountViewController.xib; sourceTree = "<group>"; };
		025511CC2A3D0A8B00295B91 /* CreateAccountViewModel.swift */ = {isa = PBXFileReference; fileEncoding = 4; lastKnownFileType = sourcecode.swift; path = CreateAccountViewModel.swift; sourceTree = "<group>"; };
		025511CD2A3D0A8B00295B91 /* CreateAccountviewModelType.swift */ = {isa = PBXFileReference; fileEncoding = 4; lastKnownFileType = sourcecode.swift; path = CreateAccountviewModelType.swift; sourceTree = "<group>"; };
		025511CE2A3D0A8B00295B91 /* CreateAccountViewController.swift */ = {isa = PBXFileReference; fileEncoding = 4; lastKnownFileType = sourcecode.swift; path = CreateAccountViewController.swift; sourceTree = "<group>"; };
		025A474F2A336B05008BF85A /* DashboardViewModelType.swift */ = {isa = PBXFileReference; lastKnownFileType = sourcecode.swift; path = DashboardViewModelType.swift; sourceTree = "<group>"; };
		025A47502A336B05008BF85A /* DashboardViewController.swift */ = {isa = PBXFileReference; lastKnownFileType = sourcecode.swift; path = DashboardViewController.swift; sourceTree = "<group>"; };
		025A47512A336B05008BF85A /* DashboardViewModel.swift */ = {isa = PBXFileReference; lastKnownFileType = sourcecode.swift; path = DashboardViewModel.swift; sourceTree = "<group>"; };
		025A47522A336B05008BF85A /* DashboardViewController.xib */ = {isa = PBXFileReference; lastKnownFileType = file.xib; path = DashboardViewController.xib; sourceTree = "<group>"; };
		025A47582A336C2D008BF85A /* HomeHeaderView.swift */ = {isa = PBXFileReference; lastKnownFileType = sourcecode.swift; path = HomeHeaderView.swift; sourceTree = "<group>"; };
		025A47712A337320008BF85A /* EmailValidator.swift */ = {isa = PBXFileReference; fileEncoding = 4; lastKnownFileType = sourcecode.swift; path = EmailValidator.swift; sourceTree = "<group>"; };
		025A47722A337320008BF85A /* Validator.swift */ = {isa = PBXFileReference; fileEncoding = 4; lastKnownFileType = sourcecode.swift; path = Validator.swift; sourceTree = "<group>"; };
		025A47732A337320008BF85A /* PasswordValidator.swift */ = {isa = PBXFileReference; fileEncoding = 4; lastKnownFileType = sourcecode.swift; path = PasswordValidator.swift; sourceTree = "<group>"; };
		025A47742A337320008BF85A /* ValidationError.swift */ = {isa = PBXFileReference; fileEncoding = 4; lastKnownFileType = sourcecode.swift; path = ValidationError.swift; sourceTree = "<group>"; };
		025A47752A337320008BF85A /* ValidationRule.swift */ = {isa = PBXFileReference; fileEncoding = 4; lastKnownFileType = sourcecode.swift; path = ValidationRule.swift; sourceTree = "<group>"; };
		025A47772A337320008BF85A /* AuthenticatedUser.swift */ = {isa = PBXFileReference; fileEncoding = 4; lastKnownFileType = sourcecode.swift; path = AuthenticatedUser.swift; sourceTree = "<group>"; };
		025A47782A337320008BF85A /* Authentication.swift */ = {isa = PBXFileReference; fileEncoding = 4; lastKnownFileType = sourcecode.swift; path = Authentication.swift; sourceTree = "<group>"; };
		025A477A2A337320008BF85A /* GoogleLoginAuthenticator.swift */ = {isa = PBXFileReference; fileEncoding = 4; lastKnownFileType = sourcecode.swift; path = GoogleLoginAuthenticator.swift; sourceTree = "<group>"; };
		025A47842A337337008BF85A /* Constants.swift */ = {isa = PBXFileReference; fileEncoding = 4; lastKnownFileType = sourcecode.swift; path = Constants.swift; sourceTree = "<group>"; };
		027DDA1B2A0E6A660052818C /* Healthy.app */ = {isa = PBXFileReference; explicitFileType = wrapper.application; includeInIndex = 0; path = Healthy.app; sourceTree = BUILT_PRODUCTS_DIR; };
		027DDA1E2A0E6A660052818C /* AppDelegate.swift */ = {isa = PBXFileReference; lastKnownFileType = sourcecode.swift; path = AppDelegate.swift; sourceTree = "<group>"; };
		027DDA202A0E6A660052818C /* SceneDelegate.swift */ = {isa = PBXFileReference; lastKnownFileType = sourcecode.swift; path = SceneDelegate.swift; sourceTree = "<group>"; };
		027DDA272A0E6A680052818C /* Assets.xcassets */ = {isa = PBXFileReference; lastKnownFileType = folder.assetcatalog; path = Assets.xcassets; sourceTree = "<group>"; };
		027DDA2C2A0E6A680052818C /* Info.plist */ = {isa = PBXFileReference; lastKnownFileType = text.plist.xml; path = Info.plist; sourceTree = "<group>"; };
		027DDA312A0E6A680052818C /* HealthyTests.xctest */ = {isa = PBXFileReference; explicitFileType = wrapper.cfbundle; includeInIndex = 0; path = HealthyTests.xctest; sourceTree = BUILT_PRODUCTS_DIR; };
		027DDA3B2A0E6A680052818C /* HealthyUITests.xctest */ = {isa = PBXFileReference; explicitFileType = wrapper.cfbundle; includeInIndex = 0; path = HealthyUITests.xctest; sourceTree = BUILT_PRODUCTS_DIR; };
		027DDA3F2A0E6A680052818C /* HealthyUITests.swift */ = {isa = PBXFileReference; lastKnownFileType = sourcecode.swift; path = HealthyUITests.swift; sourceTree = "<group>"; };
		027DDA412A0E6A680052818C /* HealthyUITestsLaunchTests.swift */ = {isa = PBXFileReference; lastKnownFileType = sourcecode.swift; path = HealthyUITestsLaunchTests.swift; sourceTree = "<group>"; };
		0296F7962A43491B00DBC86A /* FacebookAuthenticator.swift */ = {isa = PBXFileReference; lastKnownFileType = sourcecode.swift; path = FacebookAuthenticator.swift; sourceTree = "<group>"; };
		02FDBC302A3A65AB0012AF87 /* PlaceholderView.swift */ = {isa = PBXFileReference; lastKnownFileType = sourcecode.swift; path = PlaceholderView.swift; sourceTree = "<group>"; };
		02FDBC322A3A66780012AF87 /* PlaceholderView.xib */ = {isa = PBXFileReference; lastKnownFileType = file.xib; path = PlaceholderView.xib; sourceTree = "<group>"; };
		20376AA82A2663F8004BF0BF /* Colors.xcassets */ = {isa = PBXFileReference; lastKnownFileType = folder.assetcatalog; path = Colors.xcassets; sourceTree = "<group>"; };
		2049C21B2A2000680077DBE4 /* CheckboxButton.swift */ = {isa = PBXFileReference; lastKnownFileType = sourcecode.swift; path = CheckboxButton.swift; sourceTree = "<group>"; };
		206FF7962A39EE4100130CA4 /* CreateAccountViewControllerTests.swift */ = {isa = PBXFileReference; lastKnownFileType = sourcecode.swift; path = CreateAccountViewControllerTests.swift; sourceTree = "<group>"; };
		206FF7992A3A32DC00130CA4 /* CreateViewModelMock.swift */ = {isa = PBXFileReference; lastKnownFileType = sourcecode.swift; path = CreateViewModelMock.swift; sourceTree = "<group>"; };
		207FF8FF2A167F9100E4BC76 /* Localizable.strings */ = {isa = PBXFileReference; lastKnownFileType = text.plist.strings; path = Localizable.strings; sourceTree = "<group>"; };
		6DB1366D2A3635AC00448722 /* UIView+SkeletonView.swift */ = {isa = PBXFileReference; lastKnownFileType = sourcecode.swift; path = "UIView+SkeletonView.swift"; sourceTree = "<group>"; };
		6DF525052A1E84C80027502C /* LoginViewController.xib */ = {isa = PBXFileReference; lastKnownFileType = file.xib; path = LoginViewController.xib; sourceTree = "<group>"; };
		6DF525072A1E84FD0027502C /* LoginViewController.swift */ = {isa = PBXFileReference; lastKnownFileType = sourcecode.swift; path = LoginViewController.swift; sourceTree = "<group>"; };
		6DF525092A1E854B0027502C /* LoginViewModel.swift */ = {isa = PBXFileReference; lastKnownFileType = sourcecode.swift; path = LoginViewModel.swift; sourceTree = "<group>"; };
		6DF5250B2A1E855F0027502C /* LoginViewModelType.swift */ = {isa = PBXFileReference; lastKnownFileType = sourcecode.swift; path = LoginViewModelType.swift; sourceTree = "<group>"; };
		6DFEC6222A2E982C0090B2E2 /* LoginViewControllerTests.swift */ = {isa = PBXFileReference; lastKnownFileType = sourcecode.swift; path = LoginViewControllerTests.swift; sourceTree = "<group>"; };
		6DFEC6242A2EA5770090B2E2 /* LoginViewModelMock.swift */ = {isa = PBXFileReference; lastKnownFileType = sourcecode.swift; path = LoginViewModelMock.swift; sourceTree = "<group>"; };
		7918F03D2A1F6448000F36A5 /* UIView+ReusableIdentifier.swift */ = {isa = PBXFileReference; lastKnownFileType = sourcecode.swift; path = "UIView+ReusableIdentifier.swift"; sourceTree = "<group>"; };
		79311FCD2A191D2D00764707 /* FormTextField.xib */ = {isa = PBXFileReference; lastKnownFileType = file.xib; path = FormTextField.xib; sourceTree = "<group>"; };
		79311FCF2A191D3700764707 /* FormTextField.swift */ = {isa = PBXFileReference; lastKnownFileType = sourcecode.swift; path = FormTextField.swift; sourceTree = "<group>"; };
		79311FD72A19214700764707 /* UITextField+Style.swift */ = {isa = PBXFileReference; lastKnownFileType = sourcecode.swift; path = "UITextField+Style.swift"; sourceTree = "<group>"; };
		79B65D272A0FB4310042CC46 /* UIButton+Style.swift */ = {isa = PBXFileReference; lastKnownFileType = sourcecode.swift; path = "UIButton+Style.swift"; sourceTree = "<group>"; };
		A29B4FAA2A38DB9D00965154 /* HomeHeaderView.xib */ = {isa = PBXFileReference; lastKnownFileType = file.xib; path = HomeHeaderView.xib; sourceTree = "<group>"; };
		B21F81BB2A419EC400905E50 /* SearchCollectionViewCell.swift */ = {isa = PBXFileReference; fileEncoding = 4; lastKnownFileType = sourcecode.swift; path = SearchCollectionViewCell.swift; sourceTree = "<group>"; };
		B21F81BF2A41A05C00905E50 /* UICollectionView+Helpers.swift */ = {isa = PBXFileReference; fileEncoding = 4; lastKnownFileType = sourcecode.swift; path = "UICollectionView+Helpers.swift"; sourceTree = "<group>"; };
		B22218472A10C08D0036B9A8 /* UILabel+Style.swift */ = {isa = PBXFileReference; lastKnownFileType = sourcecode.swift; path = "UILabel+Style.swift"; sourceTree = "<group>"; };
		C9F107B52A3A2AEC0060DF0B /* HomeDishesView.swift */ = {isa = PBXFileReference; lastKnownFileType = sourcecode.swift; path = HomeDishesView.swift; sourceTree = "<group>"; };
/* End PBXFileReference section */

/* Begin PBXFrameworksBuildPhase section */
		027DDA182A0E6A660052818C /* Frameworks */ = {
			isa = PBXFrameworksBuildPhase;
			buildActionMask = 2147483647;
			files = (
				6DB1366C2A36357000448722 /* SkeletonView in Frameworks */,
				0296F7932A4342B500DBC86A /* FacebookCore in Frameworks */,
				6D611B9F2A299E3600A1FC65 /* GoogleSignInSwift in Frameworks */,
				025511B72A3C623000295B91 /* NewRelic in Frameworks */,
				6DDA138D2A1109E8004390D4 /* Factory in Frameworks */,
				0296F7952A4342B500DBC86A /* FacebookLogin in Frameworks */,
				6D611B9D2A299E3600A1FC65 /* GoogleSignIn in Frameworks */,
			);
			runOnlyForDeploymentPostprocessing = 0;
		};
		027DDA2E2A0E6A680052818C /* Frameworks */ = {
			isa = PBXFrameworksBuildPhase;
			buildActionMask = 2147483647;
			files = (
				6DB5DC9B2A3270880064FBD3 /* GoogleSignIn in Frameworks */,
			);
			runOnlyForDeploymentPostprocessing = 0;
		};
		027DDA382A0E6A680052818C /* Frameworks */ = {
			isa = PBXFrameworksBuildPhase;
			buildActionMask = 2147483647;
			files = (
			);
			runOnlyForDeploymentPostprocessing = 0;
		};
/* End PBXFrameworksBuildPhase section */

/* Begin PBXGroup section */
		02279EA52A3373C400C607AD /* CreateAccount */ = {
			isa = PBXGroup;
			children = (
				206FF7982A39F78700130CA4 /* Mocks */,
				02279EA62A3373C400C607AD /* CreateAccountViewModelTests.swift */,
				206FF7962A39EE4100130CA4 /* CreateAccountViewControllerTests.swift */,
			);
			path = CreateAccount;
			sourceTree = "<group>";
		};
		025511932A3C3F6400295B91 /* Fonts */ = {
			isa = PBXGroup;
			children = (
				025511942A3C3F6400295B91 /* Poppins-Regular.ttf */,
				025511952A3C3F6400295B91 /* Poppins-Bold.ttf */,
			);
			path = Fonts;
			sourceTree = "<group>";
		};
		025511982A3C5D5B00295B91 /* Search */ = {
			isa = PBXGroup;
			children = (
				025511AC2A3C5F7B00295B91 /* FilterSearch */,
				025511A12A3C5D7700295B91 /* Search */,
			);
			path = Search;
			sourceTree = "<group>";
		};
		025511A12A3C5D7700295B91 /* Search */ = {
			isa = PBXGroup;
			children = (
				0255119A2A3C5D7300295B91 /* SearchViewController.swift */,
				0255119C2A3C5D7300295B91 /* SearchViewController.xib */,
				0255119B2A3C5D7300295B91 /* SearchViewModel.swift */,
				025511992A3C5D7300295B91 /* SearchViewModelType.swift */,
			);
			path = Search;
			sourceTree = "<group>";
		};
		025511A32A3C5D9B00295B91 /* SavedRecipes */ = {
			isa = PBXGroup;
			children = (
				025511A52A3C5DAA00295B91 /* SavedRecipesViewController.swift */,
				025511A72A3C5DAA00295B91 /* SavedRecipesViewController.xib */,
				025511A62A3C5DAA00295B91 /* SavedRecipesViewModel.swift */,
				025511A42A3C5DAA00295B91 /* SavedRecipesViewModelType.swift */,
			);
			path = SavedRecipes;
			sourceTree = "<group>";
		};
		025511AC2A3C5F7B00295B91 /* FilterSearch */ = {
			isa = PBXGroup;
			children = (
				025511AE2A3C5F8900295B91 /* FilterSearchViewController.swift */,
				025511B02A3C5F8900295B91 /* FilterSearchViewController.xib */,
				025511AF2A3C5F8900295B91 /* FilterSearchViewModel.swift */,
				025511AD2A3C5F8900295B91 /* FilterSearchViewModelType.swift */,
			);
			path = FilterSearch;
			sourceTree = "<group>";
		};
		025511B92A3C654700295B91 /* Entities */ = {
			isa = PBXGroup;
			children = (
				025511BC2A3C656300295B91 /* Recipe.swift */,
				025511BA2A3C655200295B91 /* SavedRecipe.swift */,
			);
			path = Entities;
			sourceTree = "<group>";
		};
		025511C02A3D045D00295B91 /* Onboarding */ = {
			isa = PBXGroup;
			children = (
				025511CA2A3D0A8B00295B91 /* CreateAccount */,
				6DF525042A1E849F0027502C /* Login */,
				025511C52A3D0A8B00295B91 /* Splash */,
				025511BE2A3C8E9300295B91 /* OnboardingCoordinator.swift */,
			);
			path = Onboarding;
			sourceTree = "<group>";
		};
		025511C52A3D0A8B00295B91 /* Splash */ = {
			isa = PBXGroup;
			children = (
				025511C62A3D0A8B00295B91 /* SplashViewController.swift */,
				025511C92A3D0A8B00295B91 /* SplashViewController.xib */,
				025511C72A3D0A8B00295B91 /* SplashViewModel.swift */,
				025511C82A3D0A8B00295B91 /* SplashViewModelType.swift */,
			);
			path = Splash;
			sourceTree = "<group>";
		};
		025511CA2A3D0A8B00295B91 /* CreateAccount */ = {
			isa = PBXGroup;
			children = (
				025511CB2A3D0A8B00295B91 /* CreateAccountViewController.xib */,
				025511CC2A3D0A8B00295B91 /* CreateAccountViewModel.swift */,
				025511CD2A3D0A8B00295B91 /* CreateAccountviewModelType.swift */,
				025511CE2A3D0A8B00295B91 /* CreateAccountViewController.swift */,
			);
			path = CreateAccount;
			sourceTree = "<group>";
		};
		025A474E2A336AE3008BF85A /* Dashboard */ = {
			isa = PBXGroup;
			children = (
				B2E577482A40DECF00FEFD05 /* SearchReceipes  */,
				025A47572A336C04008BF85A /* Views */,
				025A47502A336B05008BF85A /* DashboardViewController.swift */,
				025A47522A336B05008BF85A /* DashboardViewController.xib */,
				025A47512A336B05008BF85A /* DashboardViewModel.swift */,
				025A474F2A336B05008BF85A /* DashboardViewModelType.swift */,
			);
			path = Dashboard;
			sourceTree = "<group>";
		};
		025A47572A336C04008BF85A /* Views */ = {
			isa = PBXGroup;
			children = (
				025A47582A336C2D008BF85A /* HomeHeaderView.swift */,
				C9F107B52A3A2AEC0060DF0B /* HomeDishesView.swift */,
			);
			path = Views;
			sourceTree = "<group>";
		};
		025A47702A337320008BF85A /* Validators */ = {
			isa = PBXGroup;
			children = (
				025A47712A337320008BF85A /* EmailValidator.swift */,
				025A47722A337320008BF85A /* Validator.swift */,
				025A47732A337320008BF85A /* PasswordValidator.swift */,
				025A47742A337320008BF85A /* ValidationError.swift */,
				025A47752A337320008BF85A /* ValidationRule.swift */,
			);
			path = Validators;
			sourceTree = "<group>";
		};
		025A47762A337320008BF85A /* Authentication */ = {
			isa = PBXGroup;
			children = (
				025A47772A337320008BF85A /* AuthenticatedUser.swift */,
				025A47782A337320008BF85A /* Authentication.swift */,
				025A47792A337320008BF85A /* Login */,
			);
			path = Authentication;
			sourceTree = "<group>";
		};
		025A47792A337320008BF85A /* Login */ = {
			isa = PBXGroup;
			children = (
				025A477A2A337320008BF85A /* GoogleLoginAuthenticator.swift */,
				0296F7962A43491B00DBC86A /* FacebookAuthenticator.swift */,
			);
			path = Login;
			sourceTree = "<group>";
		};
		025A47832A337337008BF85A /* System */ = {
			isa = PBXGroup;
			children = (
				025A47842A337337008BF85A /* Constants.swift */,
			);
			path = System;
			sourceTree = "<group>";
		};
		027DDA122A0E6A660052818C = {
			isa = PBXGroup;
			children = (
				027DDA1D2A0E6A660052818C /* Healthy */,
				027DDA342A0E6A680052818C /* HealthyTests */,
				027DDA3E2A0E6A680052818C /* HealthyUITests */,
				027DDA1C2A0E6A660052818C /* Products */,
			);
			sourceTree = "<group>";
		};
		027DDA1C2A0E6A660052818C /* Products */ = {
			isa = PBXGroup;
			children = (
				027DDA1B2A0E6A660052818C /* Healthy.app */,
				027DDA312A0E6A680052818C /* HealthyTests.xctest */,
				027DDA3B2A0E6A680052818C /* HealthyUITests.xctest */,
			);
			name = Products;
			sourceTree = "<group>";
		};
		027DDA1D2A0E6A660052818C /* Healthy */ = {
			isa = PBXGroup;
			children = (
				027DDA4F2A0E745F0052818C /* Classes */,
				027DDA4E2A0E74490052818C /* Resources */,
			);
			path = Healthy;
			sourceTree = "<group>";
		};
		027DDA342A0E6A680052818C /* HealthyTests */ = {
			isa = PBXGroup;
			children = (
				6DFEC61F2A2E97F80090B2E2 /* Classes */,
			);
			path = HealthyTests;
			sourceTree = "<group>";
		};
		027DDA3E2A0E6A680052818C /* HealthyUITests */ = {
			isa = PBXGroup;
			children = (
				027DDA3F2A0E6A680052818C /* HealthyUITests.swift */,
				027DDA412A0E6A680052818C /* HealthyUITestsLaunchTests.swift */,
			);
			path = HealthyUITests;
			sourceTree = "<group>";
		};
		027DDA4E2A0E74490052818C /* Resources */ = {
			isa = PBXGroup;
			children = (
				025511932A3C3F6400295B91 /* Fonts */,
				F39D440B2A14ACE30039AEF8 /* Generated */,
				207FF8FE2A167E7C00E4BC76 /* Localization */,
				C9EF410E2A34656800E859AD /* LaunchScreen.storyboard */,
				027DDA272A0E6A680052818C /* Assets.xcassets */,
				20376AA82A2663F8004BF0BF /* Colors.xcassets */,
				027DDA2C2A0E6A680052818C /* Info.plist */,
			);
			path = Resources;
			sourceTree = "<group>";
		};
		027DDA4F2A0E745F0052818C /* Classes */ = {
			isa = PBXGroup;
			children = (
				025511B92A3C654700295B91 /* Entities */,
				027DDA502A0E75E60052818C /* Extensions */,
				027DDA512A0E761B0052818C /* Modules */,
				027DDA542A0E76C50052818C /* ReusableViews */,
				027DDA552A0E76DC0052818C /* Services */,
				025A47832A337337008BF85A /* System */,
				027DDA532A0E76A00052818C /* Utilities */,
				025511C32A3D058800295B91 /* AppCoordinator.swift */,
				027DDA1E2A0E6A660052818C /* AppDelegate.swift */,
				027DDA202A0E6A660052818C /* SceneDelegate.swift */,
			);
			path = Classes;
			sourceTree = "<group>";
		};
		027DDA502A0E75E60052818C /* Extensions */ = {
			isa = PBXGroup;
			children = (
				B2D402DD2A3BB1D700FDB941 /* UILabel+Style */,
				B2D402E02A3BB1F000FDB941 /* UIFont+Style.swift */,
				79B65D272A0FB4310042CC46 /* UIButton+Style.swift */,
				B22218472A10C08D0036B9A8 /* UILabel+Style.swift */,
				79311FD72A19214700764707 /* UITextField+Style.swift */,
				B2D402D72A3BA9F600FDB941 /* UIFont+Style.swift */,
				022924292A33A137009290A8 /* UIView+Helpers.swift */,
				7918F03D2A1F6448000F36A5 /* UIView+ReusableIdentifier.swift */,
				6DB1366D2A3635AC00448722 /* UIView+SkeletonView.swift */,
				B21F81BF2A41A05C00905E50 /* UICollectionView+Helpers.swift */,
			);
			path = Extensions;
			sourceTree = "<group>";
		};
		027DDA512A0E761B0052818C /* Modules */ = {
			isa = PBXGroup;
			children = (
				025511A32A3C5D9B00295B91 /* SavedRecipes */,
				025511982A3C5D5B00295B91 /* Search */,
				025A474E2A336AE3008BF85A /* Dashboard */,
				B2F799E72A344B6C002F1894 /* MainTabBarController */,
				025511C02A3D045D00295B91 /* Onboarding */,
			);
			path = Modules;
			sourceTree = "<group>";
		};
		027DDA532A0E76A00052818C /* Utilities */ = {
			isa = PBXGroup;
			children = (
				025A47762A337320008BF85A /* Authentication */,
				C96520C82A2B72B800FACCC0 /* Logger */,
				025A47702A337320008BF85A /* Validators */,
				025511C12A3D049500295B91 /* Coordinator.swift */,
			);
			path = Utilities;
			sourceTree = "<group>";
		};
		027DDA542A0E76C50052818C /* ReusableViews */ = {
			isa = PBXGroup;
			children = (
				02FDBC292A3A624C0012AF87 /* PlaceholderView */,
				B21570A62A209E6800C80A0C /* SignButtonWithSocialMediaView */,
				79311FCC2A191C8E00764707 /* FormTextField */,
				2049C21B2A2000680077DBE4 /* CheckboxButton.swift */,
			);
			path = ReusableViews;
			sourceTree = "<group>";
		};
		027DDA552A0E76DC0052818C /* Services */ = {
			isa = PBXGroup;
			children = (
				027DDA572A0E76E90052818C /* Storage */,
				027DDA562A0E76E40052818C /* Network */,
			);
			path = Services;
			sourceTree = "<group>";
		};
		027DDA562A0E76E40052818C /* Network */ = {
			isa = PBXGroup;
			children = (
			);
			path = Network;
			sourceTree = "<group>";
		};
		027DDA572A0E76E90052818C /* Storage */ = {
			isa = PBXGroup;
			children = (
			);
			path = Storage;
			sourceTree = "<group>";
		};
		02FDBC292A3A624C0012AF87 /* PlaceholderView */ = {
			isa = PBXGroup;
			children = (
				02FDBC302A3A65AB0012AF87 /* PlaceholderView.swift */,
				02FDBC322A3A66780012AF87 /* PlaceholderView.xib */,
			);
			path = PlaceholderView;
			sourceTree = "<group>";
		};
		206FF7982A39F78700130CA4 /* Mocks */ = {
			isa = PBXGroup;
			children = (
				206FF7992A3A32DC00130CA4 /* CreateViewModelMock.swift */,
			);
			path = Mocks;
			sourceTree = "<group>";
		};
		207FF8FE2A167E7C00E4BC76 /* Localization */ = {
			isa = PBXGroup;
			children = (
				207FF8FF2A167F9100E4BC76 /* Localizable.strings */,
			);
			path = Localization;
			sourceTree = "<group>";
		};
		6DF525042A1E849F0027502C /* Login */ = {
			isa = PBXGroup;
			children = (
				6DF525072A1E84FD0027502C /* LoginViewController.swift */,
				6DF525052A1E84C80027502C /* LoginViewController.xib */,
				6DF525092A1E854B0027502C /* LoginViewModel.swift */,
				6DF5250B2A1E855F0027502C /* LoginViewModelType.swift */,
			);
			path = Login;
			sourceTree = "<group>";
		};
		6DFEC61F2A2E97F80090B2E2 /* Classes */ = {
			isa = PBXGroup;
			children = (
				B2D402E22A3BB2E200FDB941 /* Extensions */,
				B85D26A42A3902A9000A463D /* Utilities */,
				6DFEC6202A2E97FF0090B2E2 /* Modules */,
			);
			path = Classes;
			sourceTree = "<group>";
		};
		6DFEC6202A2E97FF0090B2E2 /* Modules */ = {
			isa = PBXGroup;
			children = (
				C9E6BBE42A38D6F40073E51A /* Splash */,
				02279EA52A3373C400C607AD /* CreateAccount */,
				6DFEC6212A2E980B0090B2E2 /* Login */,
				B2B7AEE22A3B4CE500AF04F5 /* MainTabBarController */,
			);
			path = Modules;
			sourceTree = "<group>";
		};
		6DFEC6212A2E980B0090B2E2 /* Login */ = {
			isa = PBXGroup;
			children = (
				6DFEC6262A2EB0B70090B2E2 /* Mocks */,
				6DFEC6222A2E982C0090B2E2 /* LoginViewControllerTests.swift */,
			);
			path = Login;
			sourceTree = "<group>";
		};
		6DFEC6262A2EB0B70090B2E2 /* Mocks */ = {
			isa = PBXGroup;
			children = (
				6DFEC6242A2EA5770090B2E2 /* LoginViewModelMock.swift */,
			);
			path = Mocks;
			sourceTree = "<group>";
		};
		79311FCC2A191C8E00764707 /* FormTextField */ = {
			isa = PBXGroup;
			children = (
				79311FCD2A191D2D00764707 /* FormTextField.xib */,
				79311FCF2A191D3700764707 /* FormTextField.swift */,
			);
			path = FormTextField;
			sourceTree = "<group>";
		};
		B21570A62A209E6800C80A0C /* SignButtonWithSocialMediaView */ = {
			isa = PBXGroup;
			children = (
			);
			path = SignButtonWithSocialMediaView;
			sourceTree = "<group>";
		};
		B2B7AEE22A3B4CE500AF04F5 /* MainTabBarController */ = {
			isa = PBXGroup;
			children = (
				B29ABA5B2A3469CA00171A0C /* MainTapBarControllerTest.swift */,
			);
			path = MainTabBarController;
			sourceTree = "<group>";
		};
		B2D402DD2A3BB1D700FDB941 /* UILabel+Style */ = {
			isa = PBXGroup;
			children = (
				B2D402DE2A3BB1D700FDB941 /* UILabelStyle.swift */,
			);
			path = "UILabel+Style";
			sourceTree = "<group>";
		};
		B2D402E22A3BB2E200FDB941 /* Extensions */ = {
			isa = PBXGroup;
			children = (
				B2D402E32A3BB2F900FDB941 /* UILabel+Style */,
			);
			path = Extensions;
			sourceTree = "<group>";
		};
		B2D402E32A3BB2F900FDB941 /* UILabel+Style */ = {
			isa = PBXGroup;
			children = (
				B2D402E42A3BB30B00FDB941 /* UILabelStyleTests.swift */,
			);
			path = "UILabel+Style";
			sourceTree = "<group>";
		};
		B2E5773F2A40A4E000FEFD05 /* Cell */ = {
			isa = PBXGroup;
			children = (
				B21F81BB2A419EC400905E50 /* SearchCollectionViewCell.swift */,
				B2E577412A40A52900FEFD05 /* SearchCollectionViewCell.xib */,
			);
			path = Cell;
			sourceTree = "<group>";
		};
		B2E577482A40DECF00FEFD05 /* SearchReceipes  */ = {
			isa = PBXGroup;
			children = (
				B2E5773F2A40A4E000FEFD05 /* Cell */,
			);
			path = "SearchReceipes ";
			sourceTree = "<group>";
		};
		B2F799E72A344B6C002F1894 /* MainTabBarController */ = {
			isa = PBXGroup;
			children = (
				B2F799E82A344B9A002F1894 /* MainTabBarController.swift */,
				B2F799E32A34459B002F1894 /* MainTabBar.swift */,
			);
			path = MainTabBarController;
			sourceTree = "<group>";
		};
		B85D26A42A3902A9000A463D /* Utilities */ = {
			isa = PBXGroup;
			children = (
				B85D26A52A3902BB000A463D /* Validators */,
			);
			path = Utilities;
			sourceTree = "<group>";
		};
		B85D26A52A3902BB000A463D /* Validators */ = {
			isa = PBXGroup;
			children = (
				B85D26A62A3902DF000A463D /* EmailValidatorsTests.swift */,
				B85D26A82A390331000A463D /* PasswordValidatorTests.swift */,
			);
			path = Validators;
			sourceTree = "<group>";
		};
		C96520C82A2B72B800FACCC0 /* Logger */ = {
			isa = PBXGroup;
			children = (
			);
			path = Logger;
			sourceTree = "<group>";
		};
		C9E6BBE42A38D6F40073E51A /* Splash */ = {
			isa = PBXGroup;
			children = (
				C9E6BBE82A38D7EA0073E51A /* SplashViewControllerTest.swift */,
			);
			path = Splash;
			sourceTree = "<group>";
		};
		F39D440B2A14ACE30039AEF8 /* Generated */ = {
			isa = PBXGroup;
			children = (
				0229242C2A33A170009290A8 /* Strings.Generated.swift */,
				0229242D2A33A170009290A8 /* UIColors.Generated.swift */,
				C9D16A452A3C64A5008C7732 /* UIImage.Generated.swift */,
			);
			path = Generated;
			sourceTree = "<group>";
		};
/* End PBXGroup section */

/* Begin PBXNativeTarget section */
		027DDA1A2A0E6A660052818C /* Healthy */ = {
			isa = PBXNativeTarget;
			buildConfigurationList = 027DDA452A0E6A680052818C /* Build configuration list for PBXNativeTarget "Healthy" */;
			buildPhases = (
				F39D440A2A149CCC0039AEF8 /* SwiftGen */,
				0296C1152A0FC69E005E3DC8 /* SwiftLint */,
				027DDA182A0E6A660052818C /* Frameworks */,
				027DDA172A0E6A660052818C /* Sources */,
				027DDA192A0E6A660052818C /* Resources */,
				025511B82A3C624E00295B91 /* NewRelic */,
			);
			buildRules = (
			);
			dependencies = (
			);
			name = Healthy;
			packageProductDependencies = (
				6DDA138C2A1109E8004390D4 /* Factory */,
				6D611B9C2A299E3600A1FC65 /* GoogleSignIn */,
				6D611B9E2A299E3600A1FC65 /* GoogleSignInSwift */,
				6DB1366B2A36357000448722 /* SkeletonView */,
				025511B62A3C623000295B91 /* NewRelic */,
				0296F7922A4342B500DBC86A /* FacebookCore */,
				0296F7942A4342B500DBC86A /* FacebookLogin */,
			);
			productName = Healthy;
			productReference = 027DDA1B2A0E6A660052818C /* Healthy.app */;
			productType = "com.apple.product-type.application";
		};
		027DDA302A0E6A680052818C /* HealthyTests */ = {
			isa = PBXNativeTarget;
			buildConfigurationList = 027DDA482A0E6A680052818C /* Build configuration list for PBXNativeTarget "HealthyTests" */;
			buildPhases = (
				027DDA2D2A0E6A680052818C /* Sources */,
				027DDA2E2A0E6A680052818C /* Frameworks */,
				027DDA2F2A0E6A680052818C /* Resources */,
			);
			buildRules = (
			);
			dependencies = (
				027DDA332A0E6A680052818C /* PBXTargetDependency */,
			);
			name = HealthyTests;
			packageProductDependencies = (
				6DFC9F6A2A2AAD4200686E7C /* GoogleSignIn */,
			);
			productName = HealthyTests;
			productReference = 027DDA312A0E6A680052818C /* HealthyTests.xctest */;
			productType = "com.apple.product-type.bundle.unit-test";
		};
		027DDA3A2A0E6A680052818C /* HealthyUITests */ = {
			isa = PBXNativeTarget;
			buildConfigurationList = 027DDA4B2A0E6A680052818C /* Build configuration list for PBXNativeTarget "HealthyUITests" */;
			buildPhases = (
				027DDA372A0E6A680052818C /* Sources */,
				027DDA382A0E6A680052818C /* Frameworks */,
				027DDA392A0E6A680052818C /* Resources */,
			);
			buildRules = (
			);
			dependencies = (
				027DDA3D2A0E6A680052818C /* PBXTargetDependency */,
			);
			name = HealthyUITests;
			productName = HealthyUITests;
			productReference = 027DDA3B2A0E6A680052818C /* HealthyUITests.xctest */;
			productType = "com.apple.product-type.bundle.ui-testing";
		};
/* End PBXNativeTarget section */

/* Begin PBXProject section */
		027DDA132A0E6A660052818C /* Project object */ = {
			isa = PBXProject;
			attributes = {
				BuildIndependentTargetsInParallel = 1;
				LastSwiftUpdateCheck = 1420;
				LastUpgradeCheck = 1420;
				TargetAttributes = {
					027DDA1A2A0E6A660052818C = {
						CreatedOnToolsVersion = 14.2;
					};
					027DDA302A0E6A680052818C = {
						CreatedOnToolsVersion = 14.2;
						TestTargetID = 027DDA1A2A0E6A660052818C;
					};
					027DDA3A2A0E6A680052818C = {
						CreatedOnToolsVersion = 14.2;
						TestTargetID = 027DDA1A2A0E6A660052818C;
					};
				};
			};
			buildConfigurationList = 027DDA162A0E6A660052818C /* Build configuration list for PBXProject "Healthy" */;
			compatibilityVersion = "Xcode 13.0";
			developmentRegion = en;
			hasScannedForEncodings = 0;
			knownRegions = (
				en,
				Base,
			);
			mainGroup = 027DDA122A0E6A660052818C;
			packageReferences = (
				6DDA138B2A1109E8004390D4 /* XCRemoteSwiftPackageReference "Factory" */,
				6D611B9B2A299E3600A1FC65 /* XCRemoteSwiftPackageReference "GoogleSignIn-iOS" */,
				6DB1366A2A36357000448722 /* XCRemoteSwiftPackageReference "SkeletonView" */,
				025511B52A3C623000295B91 /* XCRemoteSwiftPackageReference "newrelic-ios-agent-spm" */,
				0296F7912A4342B400DBC86A /* XCRemoteSwiftPackageReference "facebook-ios-sdk" */,
			);
			productRefGroup = 027DDA1C2A0E6A660052818C /* Products */;
			projectDirPath = "";
			projectRoot = "";
			targets = (
				027DDA1A2A0E6A660052818C /* Healthy */,
				027DDA302A0E6A680052818C /* HealthyTests */,
				027DDA3A2A0E6A680052818C /* HealthyUITests */,
			);
		};
/* End PBXProject section */

/* Begin PBXResourcesBuildPhase section */
		027DDA192A0E6A660052818C /* Resources */ = {
			isa = PBXResourcesBuildPhase;
			buildActionMask = 2147483647;
			files = (
				025511922A3C394300295B91 /* Colors.xcassets in Resources */,
				6DF525062A1E84C80027502C /* LoginViewController.xib in Resources */,
				025511D32A3D0A8B00295B91 /* CreateAccountViewController.xib in Resources */,
				C9EF41102A34656800E859AD /* LaunchScreen.storyboard in Resources */,
				025511D22A3D0A8B00295B91 /* SplashViewController.xib in Resources */,
				027DDA2B2A0E6A680052818C /* (null) in Resources */,
				025511AB2A3C5DAA00295B91 /* SavedRecipesViewController.xib in Resources */,
				025511B42A3C5F8900295B91 /* FilterSearchViewController.xib in Resources */,
				207FF9002A167F9100E4BC76 /* Localizable.strings in Resources */,
				A29B4FAB2A38DB9D00965154 /* HomeHeaderView.xib in Resources */,
				027DDA282A0E6A680052818C /* Assets.xcassets in Resources */,
				B2E577432A40A52900FEFD05 /* SearchCollectionViewCell.xib in Resources */,
				025511972A3C3F6400295B91 /* Poppins-Bold.ttf in Resources */,
				02FDBC332A3A66780012AF87 /* PlaceholderView.xib in Resources */,
				025A47562A336B05008BF85A /* DashboardViewController.xib in Resources */,
				025511962A3C3F6400295B91 /* Poppins-Regular.ttf in Resources */,
				025511A02A3C5D7300295B91 /* SearchViewController.xib in Resources */,
			);
			runOnlyForDeploymentPostprocessing = 0;
		};
		027DDA2F2A0E6A680052818C /* Resources */ = {
			isa = PBXResourcesBuildPhase;
			buildActionMask = 2147483647;
			files = (
			);
			runOnlyForDeploymentPostprocessing = 0;
		};
		027DDA392A0E6A680052818C /* Resources */ = {
			isa = PBXResourcesBuildPhase;
			buildActionMask = 2147483647;
			files = (
			);
			runOnlyForDeploymentPostprocessing = 0;
		};
/* End PBXResourcesBuildPhase section */

/* Begin PBXShellScriptBuildPhase section */
		025511B82A3C624E00295B91 /* NewRelic */ = {
			isa = PBXShellScriptBuildPhase;
			buildActionMask = 2147483647;
			files = (
			);
			inputFileListPaths = (
			);
			inputPaths = (
			);
			name = NewRelic;
			outputFileListPaths = (
			);
			outputPaths = (
			);
			runOnlyForDeploymentPostprocessing = 0;
			shellPath = /bin/sh;
			shellScript = "SCRIPT=`/usr/bin/find \"${SRCROOT}\" -name newrelic_postbuild.sh | head -n 1`\n\nif [ -z \"${SCRIPT}\"]; then\n\nARTIFACT_DIR=\"${BUILD_DIR%Build/*}SourcePackages/artifacts\"\n\nSCRIPT=`/usr/bin/find \"${ARTIFACT_DIR}\" -name newrelic_postbuild.sh | head -n 1`\n\nfi\n\n/bin/sh \"${SCRIPT}\" \"eu01xxd1e0131edfbcd7bb48440b03c791a96c5a7b-NRMA\"\n";
		};
		0296C1152A0FC69E005E3DC8 /* SwiftLint */ = {
			isa = PBXShellScriptBuildPhase;
			alwaysOutOfDate = 1;
			buildActionMask = 12;
			files = (
			);
			inputFileListPaths = (
			);
			inputPaths = (
			);
			name = SwiftLint;
			outputFileListPaths = (
			);
			outputPaths = (
			);
			runOnlyForDeploymentPostprocessing = 0;
			shellPath = /bin/sh;
			shellScript = "if [[ \"$(uname -m)\" == arm64 ]]; then\n    export PATH=\"/opt/homebrew/bin:$PATH\"\nfi\n\nif which swiftlint > /dev/null; then\n  swiftlint --fix && swiftlint --strict\nelse\n  echo \"warning: SwiftLint not installed, download from https://github.com/realm/SwiftLint\"\nfi\n";
		};
		F39D440A2A149CCC0039AEF8 /* SwiftGen */ = {
			isa = PBXShellScriptBuildPhase;
			alwaysOutOfDate = 1;
			buildActionMask = 2147483647;
			files = (
			);
			inputFileListPaths = (
			);
			inputPaths = (
			);
			name = SwiftGen;
			outputFileListPaths = (
			);
			outputPaths = (
			);
			runOnlyForDeploymentPostprocessing = 0;
			shellPath = /bin/sh;
			shellScript = "# Type a script or drag a script file from your workspace to insert its path.\n$SRCROOT/Vendors/SwiftGen/bin/swiftgen\n";
		};
/* End PBXShellScriptBuildPhase section */

/* Begin PBXSourcesBuildPhase section */
		027DDA172A0E6A660052818C /* Sources */ = {
			isa = PBXSourcesBuildPhase;
			buildActionMask = 2147483647;
			files = (
				025511C42A3D058800295B91 /* AppCoordinator.swift in Sources */,
				0274F97A2A37D9040035A56F /* AppDelegate.swift in Sources */,
				025A47822A337320008BF85A /* GoogleLoginAuthenticator.swift in Sources */,
				025511C22A3D049500295B91 /* Coordinator.swift in Sources */,
				025511D42A3D0A8B00295B91 /* CreateAccountViewModel.swift in Sources */,
				2049C21C2A2000680077DBE4 /* CheckboxButton.swift in Sources */,
				025511BF2A3C8E9300295B91 /* OnboardingCoordinator.swift in Sources */,
				6DF525082A1E84FD0027502C /* LoginViewController.swift in Sources */,
				025A477E2A337320008BF85A /* ValidationError.swift in Sources */,
				02FDBC312A3A65AB0012AF87 /* PlaceholderView.swift in Sources */,
				025A47552A336B05008BF85A /* DashboardViewModel.swift in Sources */,
				025A47802A337320008BF85A /* AuthenticatedUser.swift in Sources */,
				025A47852A337337008BF85A /* Constants.swift in Sources */,
				0229242F2A33A170009290A8 /* Strings.Generated.swift in Sources */,
				6DB1366E2A3635AC00448722 /* UIView+SkeletonView.swift in Sources */,
				025511A92A3C5DAA00295B91 /* SavedRecipesViewController.swift in Sources */,
				025A477F2A337320008BF85A /* ValidationRule.swift in Sources */,
				B2F799E92A344B9A002F1894 /* MainTabBarController.swift in Sources */,
				025511B22A3C5F8900295B91 /* FilterSearchViewController.swift in Sources */,
				025A477D2A337320008BF85A /* PasswordValidator.swift in Sources */,
				025511CF2A3D0A8B00295B91 /* SplashViewController.swift in Sources */,
				0255119E2A3C5D7300295B91 /* SearchViewController.swift in Sources */,
				B2D402D82A3BA9F600FDB941 /* UIFont+Style.swift in Sources */,
				025511AA2A3C5DAA00295B91 /* SavedRecipesViewModel.swift in Sources */,
				025511BB2A3C655200295B91 /* SavedRecipe.swift in Sources */,
				025511A82A3C5DAA00295B91 /* SavedRecipesViewModelType.swift in Sources */,
				025511D02A3D0A8B00295B91 /* SplashViewModel.swift in Sources */,
				0296F7972A43491B00DBC86A /* FacebookAuthenticator.swift in Sources */,
				025511B12A3C5F8900295B91 /* FilterSearchViewModelType.swift in Sources */,
				025511BD2A3C656300295B91 /* Recipe.swift in Sources */,
				0255119D2A3C5D7300295B91 /* SearchViewModelType.swift in Sources */,
				6DF5250C2A1E855F0027502C /* LoginViewModelType.swift in Sources */,
				0229242A2A33A137009290A8 /* UIView+Helpers.swift in Sources */,
				79311FD82A19214700764707 /* UITextField+Style.swift in Sources */,
				0255119F2A3C5D7300295B91 /* SearchViewModel.swift in Sources */,
				B2D402DF2A3BB1D700FDB941 /* UILabelStyle.swift in Sources */,
				B2D402E12A3BB1F000FDB941 /* UIFont+Style.swift in Sources */,
				79311FD02A191D3700764707 /* FormTextField.swift in Sources */,
				79B65D282A0FB4310042CC46 /* UIButton+Style.swift in Sources */,
				025A47592A336C2D008BF85A /* HomeHeaderView.swift in Sources */,
				B21F81C02A41A05C00905E50 /* UICollectionView+Helpers.swift in Sources */,
				022924302A33A170009290A8 /* UIColors.Generated.swift in Sources */,
				B2F799E42A34459B002F1894 /* MainTabBar.swift in Sources */,
				025511D62A3D0A8B00295B91 /* CreateAccountViewController.swift in Sources */,
				025511B32A3C5F8900295B91 /* FilterSearchViewModel.swift in Sources */,
				025511D52A3D0A8B00295B91 /* CreateAccountviewModelType.swift in Sources */,
				025A477C2A337320008BF85A /* Validator.swift in Sources */,
				025A47812A337320008BF85A /* Authentication.swift in Sources */,
				025511D12A3D0A8B00295B91 /* SplashViewModelType.swift in Sources */,
				027DDA212A0E6A660052818C /* SceneDelegate.swift in Sources */,
				025A47532A336B05008BF85A /* DashboardViewModelType.swift in Sources */,
				B22218482A10C08D0036B9A8 /* UILabel+Style.swift in Sources */,
				6DF5250A2A1E854B0027502C /* LoginViewModel.swift in Sources */,
				C9F107B62A3A2AEC0060DF0B /* HomeDishesView.swift in Sources */,
				025A477B2A337320008BF85A /* EmailValidator.swift in Sources */,
				020CF0B72A3FA8F600D81BC8 /* UIImage.Generated.swift in Sources */,
				B21F81BC2A419EC400905E50 /* SearchCollectionViewCell.swift in Sources */,
				025A47542A336B05008BF85A /* DashboardViewController.swift in Sources */,
			);
			runOnlyForDeploymentPostprocessing = 0;
		};
		027DDA2D2A0E6A680052818C /* Sources */ = {
			isa = PBXSourcesBuildPhase;
			buildActionMask = 2147483647;
			files = (
				206FF7972A39EE4100130CA4 /* CreateAccountViewControllerTests.swift in Sources */,
				B2D402E52A3BB30B00FDB941 /* UILabelStyleTests.swift in Sources */,
				B85D26A92A390331000A463D /* PasswordValidatorTests.swift in Sources */,
				6DFEC6232A2E982C0090B2E2 /* LoginViewControllerTests.swift in Sources */,
				B85D26A72A3902DF000A463D /* EmailValidatorsTests.swift in Sources */,
				6DFEC6252A2EA5770090B2E2 /* LoginViewModelMock.swift in Sources */,
				B29ABA5C2A3469CA00171A0C /* MainTapBarControllerTest.swift in Sources */,
				02279EA72A3373C400C607AD /* CreateAccountViewModelTests.swift in Sources */,
				C9E6BBE92A38D7EA0073E51A /* SplashViewControllerTest.swift in Sources */,
				206FF79A2A3A32DD00130CA4 /* CreateViewModelMock.swift in Sources */,
			);
			runOnlyForDeploymentPostprocessing = 0;
		};
		027DDA372A0E6A680052818C /* Sources */ = {
			isa = PBXSourcesBuildPhase;
			buildActionMask = 2147483647;
			files = (
				027DDA422A0E6A680052818C /* HealthyUITestsLaunchTests.swift in Sources */,
				027DDA402A0E6A680052818C /* HealthyUITests.swift in Sources */,
			);
			runOnlyForDeploymentPostprocessing = 0;
		};
/* End PBXSourcesBuildPhase section */

/* Begin PBXTargetDependency section */
		027DDA332A0E6A680052818C /* PBXTargetDependency */ = {
			isa = PBXTargetDependency;
			target = 027DDA1A2A0E6A660052818C /* Healthy */;
			targetProxy = 027DDA322A0E6A680052818C /* PBXContainerItemProxy */;
		};
		027DDA3D2A0E6A680052818C /* PBXTargetDependency */ = {
			isa = PBXTargetDependency;
			target = 027DDA1A2A0E6A660052818C /* Healthy */;
			targetProxy = 027DDA3C2A0E6A680052818C /* PBXContainerItemProxy */;
		};
/* End PBXTargetDependency section */

/* Begin PBXVariantGroup section */
		C9EF410E2A34656800E859AD /* LaunchScreen.storyboard */ = {
			isa = PBXVariantGroup;
			children = (
				C9EF410F2A34656800E859AD /* Base */,
			);
			name = LaunchScreen.storyboard;
			sourceTree = "<group>";
		};
/* End PBXVariantGroup section */

/* Begin XCBuildConfiguration section */
		027DDA432A0E6A680052818C /* Debug */ = {
			isa = XCBuildConfiguration;
			buildSettings = {
				ALWAYS_SEARCH_USER_PATHS = NO;
				CLANG_ANALYZER_NONNULL = YES;
				CLANG_ANALYZER_NUMBER_OBJECT_CONVERSION = YES_AGGRESSIVE;
				CLANG_CXX_LANGUAGE_STANDARD = "gnu++20";
				CLANG_ENABLE_MODULES = YES;
				CLANG_ENABLE_OBJC_ARC = YES;
				CLANG_ENABLE_OBJC_WEAK = YES;
				CLANG_WARN_BLOCK_CAPTURE_AUTORELEASING = YES;
				CLANG_WARN_BOOL_CONVERSION = YES;
				CLANG_WARN_COMMA = YES;
				CLANG_WARN_CONSTANT_CONVERSION = YES;
				CLANG_WARN_DEPRECATED_OBJC_IMPLEMENTATIONS = YES;
				CLANG_WARN_DIRECT_OBJC_ISA_USAGE = YES_ERROR;
				CLANG_WARN_DOCUMENTATION_COMMENTS = YES;
				CLANG_WARN_EMPTY_BODY = YES;
				CLANG_WARN_ENUM_CONVERSION = YES;
				CLANG_WARN_INFINITE_RECURSION = YES;
				CLANG_WARN_INT_CONVERSION = YES;
				CLANG_WARN_NON_LITERAL_NULL_CONVERSION = YES;
				CLANG_WARN_OBJC_IMPLICIT_RETAIN_SELF = YES;
				CLANG_WARN_OBJC_LITERAL_CONVERSION = YES;
				CLANG_WARN_OBJC_ROOT_CLASS = YES_ERROR;
				CLANG_WARN_QUOTED_INCLUDE_IN_FRAMEWORK_HEADER = YES;
				CLANG_WARN_RANGE_LOOP_ANALYSIS = YES;
				CLANG_WARN_STRICT_PROTOTYPES = YES;
				CLANG_WARN_SUSPICIOUS_MOVE = YES;
				CLANG_WARN_UNGUARDED_AVAILABILITY = YES_AGGRESSIVE;
				CLANG_WARN_UNREACHABLE_CODE = YES;
				CLANG_WARN__DUPLICATE_METHOD_MATCH = YES;
				COPY_PHASE_STRIP = NO;
				DEBUG_INFORMATION_FORMAT = dwarf;
				ENABLE_STRICT_OBJC_MSGSEND = YES;
				ENABLE_TESTABILITY = YES;
				GCC_C_LANGUAGE_STANDARD = gnu11;
				GCC_DYNAMIC_NO_PIC = NO;
				GCC_NO_COMMON_BLOCKS = YES;
				GCC_OPTIMIZATION_LEVEL = 0;
				GCC_PREPROCESSOR_DEFINITIONS = (
					"DEBUG=1",
					"$(inherited)",
				);
				GCC_WARN_64_TO_32_BIT_CONVERSION = YES;
				GCC_WARN_ABOUT_RETURN_TYPE = YES_ERROR;
				GCC_WARN_UNDECLARED_SELECTOR = YES;
				GCC_WARN_UNINITIALIZED_AUTOS = YES_AGGRESSIVE;
				GCC_WARN_UNUSED_FUNCTION = YES;
				GCC_WARN_UNUSED_VARIABLE = YES;
				IPHONEOS_DEPLOYMENT_TARGET = 13.0;
				MTL_ENABLE_DEBUG_INFO = INCLUDE_SOURCE;
				MTL_FAST_MATH = YES;
				ONLY_ACTIVE_ARCH = YES;
				SDKROOT = iphoneos;
				SWIFT_ACTIVE_COMPILATION_CONDITIONS = DEBUG;
				SWIFT_OPTIMIZATION_LEVEL = "-Onone";
			};
			name = Debug;
		};
		027DDA442A0E6A680052818C /* Release */ = {
			isa = XCBuildConfiguration;
			buildSettings = {
				ALWAYS_SEARCH_USER_PATHS = NO;
				CLANG_ANALYZER_NONNULL = YES;
				CLANG_ANALYZER_NUMBER_OBJECT_CONVERSION = YES_AGGRESSIVE;
				CLANG_CXX_LANGUAGE_STANDARD = "gnu++20";
				CLANG_ENABLE_MODULES = YES;
				CLANG_ENABLE_OBJC_ARC = YES;
				CLANG_ENABLE_OBJC_WEAK = YES;
				CLANG_WARN_BLOCK_CAPTURE_AUTORELEASING = YES;
				CLANG_WARN_BOOL_CONVERSION = YES;
				CLANG_WARN_COMMA = YES;
				CLANG_WARN_CONSTANT_CONVERSION = YES;
				CLANG_WARN_DEPRECATED_OBJC_IMPLEMENTATIONS = YES;
				CLANG_WARN_DIRECT_OBJC_ISA_USAGE = YES_ERROR;
				CLANG_WARN_DOCUMENTATION_COMMENTS = YES;
				CLANG_WARN_EMPTY_BODY = YES;
				CLANG_WARN_ENUM_CONVERSION = YES;
				CLANG_WARN_INFINITE_RECURSION = YES;
				CLANG_WARN_INT_CONVERSION = YES;
				CLANG_WARN_NON_LITERAL_NULL_CONVERSION = YES;
				CLANG_WARN_OBJC_IMPLICIT_RETAIN_SELF = YES;
				CLANG_WARN_OBJC_LITERAL_CONVERSION = YES;
				CLANG_WARN_OBJC_ROOT_CLASS = YES_ERROR;
				CLANG_WARN_QUOTED_INCLUDE_IN_FRAMEWORK_HEADER = YES;
				CLANG_WARN_RANGE_LOOP_ANALYSIS = YES;
				CLANG_WARN_STRICT_PROTOTYPES = YES;
				CLANG_WARN_SUSPICIOUS_MOVE = YES;
				CLANG_WARN_UNGUARDED_AVAILABILITY = YES_AGGRESSIVE;
				CLANG_WARN_UNREACHABLE_CODE = YES;
				CLANG_WARN__DUPLICATE_METHOD_MATCH = YES;
				COPY_PHASE_STRIP = NO;
				DEBUG_INFORMATION_FORMAT = "dwarf-with-dsym";
				ENABLE_NS_ASSERTIONS = NO;
				ENABLE_STRICT_OBJC_MSGSEND = YES;
				GCC_C_LANGUAGE_STANDARD = gnu11;
				GCC_NO_COMMON_BLOCKS = YES;
				GCC_WARN_64_TO_32_BIT_CONVERSION = YES;
				GCC_WARN_ABOUT_RETURN_TYPE = YES_ERROR;
				GCC_WARN_UNDECLARED_SELECTOR = YES;
				GCC_WARN_UNINITIALIZED_AUTOS = YES_AGGRESSIVE;
				GCC_WARN_UNUSED_FUNCTION = YES;
				GCC_WARN_UNUSED_VARIABLE = YES;
				IPHONEOS_DEPLOYMENT_TARGET = 13.0;
				MTL_ENABLE_DEBUG_INFO = NO;
				MTL_FAST_MATH = YES;
				SDKROOT = iphoneos;
				SWIFT_COMPILATION_MODE = wholemodule;
				SWIFT_OPTIMIZATION_LEVEL = "-O";
				VALIDATE_PRODUCT = YES;
			};
			name = Release;
		};
		027DDA462A0E6A680052818C /* Debug */ = {
			isa = XCBuildConfiguration;
			buildSettings = {
				ASSETCATALOG_COMPILER_APPICON_NAME = AppIcon;
				ASSETCATALOG_COMPILER_GLOBAL_ACCENT_COLOR_NAME = AccentColor;
				CODE_SIGN_STYLE = Automatic;
				CURRENT_PROJECT_VERSION = 1;
				DEVELOPMENT_TEAM = JUUZV79G5F;
				GENERATE_INFOPLIST_FILE = YES;
				INFOPLIST_FILE = Healthy/Resources/Info.plist;
				INFOPLIST_KEY_UIApplicationSupportsIndirectInputEvents = YES;
				INFOPLIST_KEY_UILaunchStoryboardName = LaunchScreen.storyboard;
				INFOPLIST_KEY_UISupportedInterfaceOrientations_iPad = "UIInterfaceOrientationPortrait UIInterfaceOrientationPortraitUpsideDown UIInterfaceOrientationLandscapeLeft UIInterfaceOrientationLandscapeRight";
				INFOPLIST_KEY_UISupportedInterfaceOrientations_iPhone = "UIInterfaceOrientationPortrait UIInterfaceOrientationLandscapeLeft UIInterfaceOrientationLandscapeRight";
				IPHONEOS_DEPLOYMENT_TARGET = 13.0;
				LD_RUNPATH_SEARCH_PATHS = (
					"$(inherited)",
					"@executable_path/Frameworks",
				);
				MARKETING_VERSION = 1.0.0;
				PRODUCT_BUNDLE_IDENTIFIER = com.motoon.Healthy;
				PRODUCT_NAME = "$(TARGET_NAME)";
				SWIFT_EMIT_LOC_STRINGS = YES;
				SWIFT_TREAT_WARNINGS_AS_ERRORS = YES;
				SWIFT_VERSION = 5.0;
				TARGETED_DEVICE_FAMILY = "1,2";
			};
			name = Debug;
		};
		027DDA472A0E6A680052818C /* Release */ = {
			isa = XCBuildConfiguration;
			buildSettings = {
				ASSETCATALOG_COMPILER_APPICON_NAME = AppIcon;
				ASSETCATALOG_COMPILER_GLOBAL_ACCENT_COLOR_NAME = AccentColor;
				CODE_SIGN_STYLE = Automatic;
				CURRENT_PROJECT_VERSION = 1;
				DEVELOPMENT_TEAM = JUUZV79G5F;
				GENERATE_INFOPLIST_FILE = YES;
				INFOPLIST_FILE = Healthy/Resources/Info.plist;
				INFOPLIST_KEY_UIApplicationSupportsIndirectInputEvents = YES;
				INFOPLIST_KEY_UILaunchStoryboardName = LaunchScreen.storyboard;
				INFOPLIST_KEY_UISupportedInterfaceOrientations_iPad = "UIInterfaceOrientationPortrait UIInterfaceOrientationPortraitUpsideDown UIInterfaceOrientationLandscapeLeft UIInterfaceOrientationLandscapeRight";
				INFOPLIST_KEY_UISupportedInterfaceOrientations_iPhone = "UIInterfaceOrientationPortrait UIInterfaceOrientationLandscapeLeft UIInterfaceOrientationLandscapeRight";
				IPHONEOS_DEPLOYMENT_TARGET = 13.0;
				LD_RUNPATH_SEARCH_PATHS = (
					"$(inherited)",
					"@executable_path/Frameworks",
				);
				MARKETING_VERSION = 1.0.0;
				PRODUCT_BUNDLE_IDENTIFIER = com.motoon.Healthy;
				PRODUCT_NAME = "$(TARGET_NAME)";
				SWIFT_EMIT_LOC_STRINGS = YES;
				SWIFT_TREAT_WARNINGS_AS_ERRORS = YES;
				SWIFT_VERSION = 5.0;
				TARGETED_DEVICE_FAMILY = "1,2";
			};
			name = Release;
		};
		027DDA492A0E6A680052818C /* Debug */ = {
			isa = XCBuildConfiguration;
			buildSettings = {
				ALWAYS_EMBED_SWIFT_STANDARD_LIBRARIES = YES;
				BUNDLE_LOADER = "$(TEST_HOST)";
				CODE_SIGN_STYLE = Automatic;
				CURRENT_PROJECT_VERSION = 1;
				DEVELOPMENT_TEAM = JUUZV79G5F;
				GENERATE_INFOPLIST_FILE = YES;
				IPHONEOS_DEPLOYMENT_TARGET = 16.1;
				MARKETING_VERSION = 1.0;
				PRODUCT_BUNDLE_IDENTIFIER = com.motoon.HealthyTests;
				PRODUCT_NAME = "$(TARGET_NAME)";
				SWIFT_EMIT_LOC_STRINGS = NO;
				SWIFT_VERSION = 5.0;
				TARGETED_DEVICE_FAMILY = "1,2";
				TEST_HOST = "$(BUILT_PRODUCTS_DIR)/Healthy.app/$(BUNDLE_EXECUTABLE_FOLDER_PATH)/Healthy";
			};
			name = Debug;
		};
		027DDA4A2A0E6A680052818C /* Release */ = {
			isa = XCBuildConfiguration;
			buildSettings = {
				ALWAYS_EMBED_SWIFT_STANDARD_LIBRARIES = YES;
				BUNDLE_LOADER = "$(TEST_HOST)";
				CODE_SIGN_STYLE = Automatic;
				CURRENT_PROJECT_VERSION = 1;
				DEVELOPMENT_TEAM = JUUZV79G5F;
				GENERATE_INFOPLIST_FILE = YES;
				IPHONEOS_DEPLOYMENT_TARGET = 16.1;
				MARKETING_VERSION = 1.0;
				PRODUCT_BUNDLE_IDENTIFIER = com.motoon.HealthyTests;
				PRODUCT_NAME = "$(TARGET_NAME)";
				SWIFT_EMIT_LOC_STRINGS = NO;
				SWIFT_VERSION = 5.0;
				TARGETED_DEVICE_FAMILY = "1,2";
				TEST_HOST = "$(BUILT_PRODUCTS_DIR)/Healthy.app/$(BUNDLE_EXECUTABLE_FOLDER_PATH)/Healthy";
			};
			name = Release;
		};
		027DDA4C2A0E6A680052818C /* Debug */ = {
			isa = XCBuildConfiguration;
			buildSettings = {
				ALWAYS_EMBED_SWIFT_STANDARD_LIBRARIES = YES;
				CODE_SIGN_STYLE = Automatic;
				CURRENT_PROJECT_VERSION = 1;
				DEVELOPMENT_TEAM = JUUZV79G5F;
				GENERATE_INFOPLIST_FILE = YES;
				IPHONEOS_DEPLOYMENT_TARGET = 13.0;
				MARKETING_VERSION = 1.0;
				PRODUCT_BUNDLE_IDENTIFIER = com.motoon.HealthyUITests;
				PRODUCT_NAME = "$(TARGET_NAME)";
				SWIFT_EMIT_LOC_STRINGS = NO;
				SWIFT_VERSION = 5.0;
				TARGETED_DEVICE_FAMILY = "1,2";
				TEST_TARGET_NAME = Healthy;
			};
			name = Debug;
		};
		027DDA4D2A0E6A680052818C /* Release */ = {
			isa = XCBuildConfiguration;
			buildSettings = {
				ALWAYS_EMBED_SWIFT_STANDARD_LIBRARIES = YES;
				CODE_SIGN_STYLE = Automatic;
				CURRENT_PROJECT_VERSION = 1;
				DEVELOPMENT_TEAM = JUUZV79G5F;
				GENERATE_INFOPLIST_FILE = YES;
				IPHONEOS_DEPLOYMENT_TARGET = 13.0;
				MARKETING_VERSION = 1.0;
				PRODUCT_BUNDLE_IDENTIFIER = com.motoon.HealthyUITests;
				PRODUCT_NAME = "$(TARGET_NAME)";
				SWIFT_EMIT_LOC_STRINGS = NO;
				SWIFT_VERSION = 5.0;
				TARGETED_DEVICE_FAMILY = "1,2";
				TEST_TARGET_NAME = Healthy;
			};
			name = Release;
		};
/* End XCBuildConfiguration section */

/* Begin XCConfigurationList section */
		027DDA162A0E6A660052818C /* Build configuration list for PBXProject "Healthy" */ = {
			isa = XCConfigurationList;
			buildConfigurations = (
				027DDA432A0E6A680052818C /* Debug */,
				027DDA442A0E6A680052818C /* Release */,
			);
			defaultConfigurationIsVisible = 0;
			defaultConfigurationName = Release;
		};
		027DDA452A0E6A680052818C /* Build configuration list for PBXNativeTarget "Healthy" */ = {
			isa = XCConfigurationList;
			buildConfigurations = (
				027DDA462A0E6A680052818C /* Debug */,
				027DDA472A0E6A680052818C /* Release */,
			);
			defaultConfigurationIsVisible = 0;
			defaultConfigurationName = Release;
		};
		027DDA482A0E6A680052818C /* Build configuration list for PBXNativeTarget "HealthyTests" */ = {
			isa = XCConfigurationList;
			buildConfigurations = (
				027DDA492A0E6A680052818C /* Debug */,
				027DDA4A2A0E6A680052818C /* Release */,
			);
			defaultConfigurationIsVisible = 0;
			defaultConfigurationName = Release;
		};
		027DDA4B2A0E6A680052818C /* Build configuration list for PBXNativeTarget "HealthyUITests" */ = {
			isa = XCConfigurationList;
			buildConfigurations = (
				027DDA4C2A0E6A680052818C /* Debug */,
				027DDA4D2A0E6A680052818C /* Release */,
			);
			defaultConfigurationIsVisible = 0;
			defaultConfigurationName = Release;
		};
/* End XCConfigurationList section */

/* Begin XCRemoteSwiftPackageReference section */
		025511B52A3C623000295B91 /* XCRemoteSwiftPackageReference "newrelic-ios-agent-spm" */ = {
			isa = XCRemoteSwiftPackageReference;
			repositoryURL = "https://github.com/newrelic/newrelic-ios-agent-spm";
			requirement = {
				kind = upToNextMajorVersion;
				minimumVersion = 7.0.0;
			};
		};
		0296F7912A4342B400DBC86A /* XCRemoteSwiftPackageReference "facebook-ios-sdk" */ = {
			isa = XCRemoteSwiftPackageReference;
			repositoryURL = "https://github.com/facebook/facebook-ios-sdk.git";
			requirement = {
				branch = main;
				kind = branch;
			};
		};
		6D611B9B2A299E3600A1FC65 /* XCRemoteSwiftPackageReference "GoogleSignIn-iOS" */ = {
			isa = XCRemoteSwiftPackageReference;
			repositoryURL = "https://github.com/google/GoogleSignIn-iOS";
			requirement = {
				branch = main;
				kind = branch;
			};
		};
		6DB1366A2A36357000448722 /* XCRemoteSwiftPackageReference "SkeletonView" */ = {
			isa = XCRemoteSwiftPackageReference;
			repositoryURL = "https://github.com/Juanpe/SkeletonView.git";
			requirement = {
				kind = upToNextMajorVersion;
				minimumVersion = 1.0.0;
			};
		};
		6DDA138B2A1109E8004390D4 /* XCRemoteSwiftPackageReference "Factory" */ = {
			isa = XCRemoteSwiftPackageReference;
			repositoryURL = "https://github.com/hmlongco/Factory.git";
			requirement = {
				kind = upToNextMajorVersion;
				minimumVersion = 2.0.0;
			};
		};
/* End XCRemoteSwiftPackageReference section */

/* Begin XCSwiftPackageProductDependency section */
		025511B62A3C623000295B91 /* NewRelic */ = {
			isa = XCSwiftPackageProductDependency;
			package = 025511B52A3C623000295B91 /* XCRemoteSwiftPackageReference "newrelic-ios-agent-spm" */;
			productName = NewRelic;
		};
		0296F7922A4342B500DBC86A /* FacebookCore */ = {
			isa = XCSwiftPackageProductDependency;
			package = 0296F7912A4342B400DBC86A /* XCRemoteSwiftPackageReference "facebook-ios-sdk" */;
			productName = FacebookCore;
		};
		0296F7942A4342B500DBC86A /* FacebookLogin */ = {
			isa = XCSwiftPackageProductDependency;
			package = 0296F7912A4342B400DBC86A /* XCRemoteSwiftPackageReference "facebook-ios-sdk" */;
			productName = FacebookLogin;
		};
		6D611B9C2A299E3600A1FC65 /* GoogleSignIn */ = {
			isa = XCSwiftPackageProductDependency;
			package = 6D611B9B2A299E3600A1FC65 /* XCRemoteSwiftPackageReference "GoogleSignIn-iOS" */;
			productName = GoogleSignIn;
		};
		6D611B9E2A299E3600A1FC65 /* GoogleSignInSwift */ = {
			isa = XCSwiftPackageProductDependency;
			package = 6D611B9B2A299E3600A1FC65 /* XCRemoteSwiftPackageReference "GoogleSignIn-iOS" */;
			productName = GoogleSignInSwift;
		};
		6DB1366B2A36357000448722 /* SkeletonView */ = {
			isa = XCSwiftPackageProductDependency;
			package = 6DB1366A2A36357000448722 /* XCRemoteSwiftPackageReference "SkeletonView" */;
			productName = SkeletonView;
		};
		6DDA138C2A1109E8004390D4 /* Factory */ = {
			isa = XCSwiftPackageProductDependency;
			package = 6DDA138B2A1109E8004390D4 /* XCRemoteSwiftPackageReference "Factory" */;
			productName = Factory;
		};
		6DFC9F6A2A2AAD4200686E7C /* GoogleSignIn */ = {
			isa = XCSwiftPackageProductDependency;
			package = 6D611B9B2A299E3600A1FC65 /* XCRemoteSwiftPackageReference "GoogleSignIn-iOS" */;
			productName = GoogleSignIn;
		};
/* End XCSwiftPackageProductDependency section */
	};
	rootObject = 027DDA132A0E6A660052818C /* Project object */;
}
